// !$*UTF8*$!
{
	archiveVersion = 1;
	classes = {
	};
	objectVersion = 55;
	objects = {

/* Begin PBXBuildFile section */
		3D2C0ECC2A275991002229D1 /* Player.swift in Sources */ = {isa = PBXBuildFile; fileRef = 3D2C0EA82A275990002229D1 /* Player.swift */; };
		3D2C0ECD2A275991002229D1 /* GameModel.swift in Sources */ = {isa = PBXBuildFile; fileRef = 3D2C0EA92A275990002229D1 /* GameModel.swift */; };
		3D2C0ECF2A275991002229D1 /* Assets.xcassets in Resources */ = {isa = PBXBuildFile; fileRef = 3D2C0EAC2A275990002229D1 /* Assets.xcassets */; };
		3D2C0ED02A275991002229D1 /* Preview Assets.xcassets in Resources */ = {isa = PBXBuildFile; fileRef = 3D2C0EAE2A275990002229D1 /* Preview Assets.xcassets */; };
		3D2C0ED12A275991002229D1 /* DartsCheckoutsGameApp.swift in Sources */ = {isa = PBXBuildFile; fileRef = 3D2C0EAF2A275990002229D1 /* DartsCheckoutsGameApp.swift */; };
		3D4E4B9A2A275BEB007742D4 /* ForgotPassword.swift in Sources */ = {isa = PBXBuildFile; fileRef = 3D4E4B862A275BEA007742D4 /* ForgotPassword.swift */; };
		3D4E4B9B2A275BEB007742D4 /* RegistrationView.swift in Sources */ = {isa = PBXBuildFile; fileRef = 3D4E4B872A275BEA007742D4 /* RegistrationView.swift */; };
		3D4E4B9C2A275BEB007742D4 /* LandingPageView.swift in Sources */ = {isa = PBXBuildFile; fileRef = 3D4E4B892A275BEA007742D4 /* LandingPageView.swift */; };
		3D4E4B9D2A275BEB007742D4 /* PlayCricketView.swift in Sources */ = {isa = PBXBuildFile; fileRef = 3D4E4B8C2A275BEA007742D4 /* PlayCricketView.swift */; };
		3D4E4B9E2A275BEB007742D4 /* Play501View.swift in Sources */ = {isa = PBXBuildFile; fileRef = 3D4E4B8E2A275BEA007742D4 /* Play501View.swift */; };
		3D4E4B9F2A275BEB007742D4 /* Play01Model.swift in Sources */ = {isa = PBXBuildFile; fileRef = 3D4E4B8F2A275BEA007742D4 /* Play01Model.swift */; };
		3D4E4BA02A275BEB007742D4 /* PracticeView.swift in Sources */ = {isa = PBXBuildFile; fileRef = 3D4E4B912A275BEA007742D4 /* PracticeView.swift */; };
		3D4E4BA12A275BEB007742D4 /* HitOutScreenView.swift in Sources */ = {isa = PBXBuildFile; fileRef = 3D4E4B922A275BEA007742D4 /* HitOutScreenView.swift */; };
		3D4E4BA22A275BEB007742D4 /* MissedOutScreenView.swift in Sources */ = {isa = PBXBuildFile; fileRef = 3D4E4B932A275BEA007742D4 /* MissedOutScreenView.swift */; };
		3D4E4BA32A275BEB007742D4 /* WhatsMyOutView.swift in Sources */ = {isa = PBXBuildFile; fileRef = 3D4E4B942A275BEA007742D4 /* WhatsMyOutView.swift */; };
		3D4E4BA42A275BEB007742D4 /* LoginViewModel.swift in Sources */ = {isa = PBXBuildFile; fileRef = 3D4E4B962A275BEA007742D4 /* LoginViewModel.swift */; };
		3D4E4BA52A275BEB007742D4 /* LoginMenuView.swift in Sources */ = {isa = PBXBuildFile; fileRef = 3D4E4B972A275BEA007742D4 /* LoginMenuView.swift */; };
		3D4E4BA62A275BEB007742D4 /* StatsScreenView.swift in Sources */ = {isa = PBXBuildFile; fileRef = 3D4E4B992A275BEA007742D4 /* StatsScreenView.swift */; };
		3D4E4BA92A275C7C007742D4 /* ViewStyling.swift in Sources */ = {isa = PBXBuildFile; fileRef = 3D4E4BA82A275C7B007742D4 /* ViewStyling.swift */; };
		3D4E4BAF2A275C9A007742D4 /* CheckoutOption1.json in Resources */ = {isa = PBXBuildFile; fileRef = 3D4E4BAA2A275C9A007742D4 /* CheckoutOption1.json */; };
		3D4E4BB02A275C9A007742D4 /* CheckoutOption3.json in Resources */ = {isa = PBXBuildFile; fileRef = 3D4E4BAB2A275C9A007742D4 /* CheckoutOption3.json */; };
		3D4E4BB12A275C9A007742D4 /* Bundle-Decodable.swift in Sources */ = {isa = PBXBuildFile; fileRef = 3D4E4BAC2A275C9A007742D4 /* Bundle-Decodable.swift */; };
		3D4E4BB22A275C9A007742D4 /* Checkout.swift in Sources */ = {isa = PBXBuildFile; fileRef = 3D4E4BAD2A275C9A007742D4 /* Checkout.swift */; };
		3D4E4BB32A275C9A007742D4 /* CheckoutOption2.json in Resources */ = {isa = PBXBuildFile; fileRef = 3D4E4BAE2A275C9A007742D4 /* CheckoutOption2.json */; };
/* End PBXBuildFile section */

/* Begin PBXFileReference section */
		3D2C0EA82A275990002229D1 /* Player.swift */ = {isa = PBXFileReference; fileEncoding = 4; lastKnownFileType = sourcecode.swift; name = Player.swift; path = /Users/justintrubela/Projects/DartsCheckoutsGame/CheckOUTS/CheckOUTS/ViewModels/Player.swift; sourceTree = "<absolute>"; };
		3D2C0EA92A275990002229D1 /* GameModel.swift */ = {isa = PBXFileReference; fileEncoding = 4; lastKnownFileType = sourcecode.swift; name = GameModel.swift; path = /Users/justintrubela/Projects/DartsCheckoutsGame/CheckOUTS/CheckOUTS/ViewModels/GameModel.swift; sourceTree = "<absolute>"; };
		3D2C0EAC2A275990002229D1 /* Assets.xcassets */ = {isa = PBXFileReference; lastKnownFileType = folder.assetcatalog; name = Assets.xcassets; path = /Users/justintrubela/Projects/DartsCheckoutsGame/CheckOUTS/CheckOUTS/Assets.xcassets; sourceTree = "<absolute>"; };
		3D2C0EAE2A275990002229D1 /* Preview Assets.xcassets */ = {isa = PBXFileReference; lastKnownFileType = folder.assetcatalog; name = "Preview Assets.xcassets"; path = "/Users/justintrubela/Projects/DartsCheckoutsGame/CheckOUTS/CheckOUTS/Preview Content/Preview Assets.xcassets"; sourceTree = "<absolute>"; };
		3D2C0EAF2A275990002229D1 /* DartsCheckoutsGameApp.swift */ = {isa = PBXFileReference; fileEncoding = 4; lastKnownFileType = sourcecode.swift; name = DartsCheckoutsGameApp.swift; path = /Users/justintrubela/Projects/DartsCheckoutsGame/CheckOUTS/CheckOUTS/DartsCheckoutsGameApp.swift; sourceTree = "<absolute>"; };
		3D4E4B862A275BEA007742D4 /* ForgotPassword.swift */ = {isa = PBXFileReference; fileEncoding = 4; lastKnownFileType = sourcecode.swift; path = ForgotPassword.swift; sourceTree = "<group>"; };
		3D4E4B872A275BEA007742D4 /* RegistrationView.swift */ = {isa = PBXFileReference; fileEncoding = 4; lastKnownFileType = sourcecode.swift; path = RegistrationView.swift; sourceTree = "<group>"; };
		3D4E4B892A275BEA007742D4 /* LandingPageView.swift */ = {isa = PBXFileReference; fileEncoding = 4; lastKnownFileType = sourcecode.swift; path = LandingPageView.swift; sourceTree = "<group>"; };
		3D4E4B8C2A275BEA007742D4 /* PlayCricketView.swift */ = {isa = PBXFileReference; fileEncoding = 4; lastKnownFileType = sourcecode.swift; path = PlayCricketView.swift; sourceTree = "<group>"; };
		3D4E4B8E2A275BEA007742D4 /* Play501View.swift */ = {isa = PBXFileReference; fileEncoding = 4; lastKnownFileType = sourcecode.swift; path = Play501View.swift; sourceTree = "<group>"; };
		3D4E4B8F2A275BEA007742D4 /* Play01Model.swift */ = {isa = PBXFileReference; fileEncoding = 4; lastKnownFileType = sourcecode.swift; path = Play01Model.swift; sourceTree = "<group>"; };
		3D4E4B912A275BEA007742D4 /* PracticeView.swift */ = {isa = PBXFileReference; fileEncoding = 4; lastKnownFileType = sourcecode.swift; path = PracticeView.swift; sourceTree = "<group>"; };
		3D4E4B922A275BEA007742D4 /* HitOutScreenView.swift */ = {isa = PBXFileReference; fileEncoding = 4; lastKnownFileType = sourcecode.swift; path = HitOutScreenView.swift; sourceTree = "<group>"; };
		3D4E4B932A275BEA007742D4 /* MissedOutScreenView.swift */ = {isa = PBXFileReference; fileEncoding = 4; lastKnownFileType = sourcecode.swift; path = MissedOutScreenView.swift; sourceTree = "<group>"; };
		3D4E4B942A275BEA007742D4 /* WhatsMyOutView.swift */ = {isa = PBXFileReference; fileEncoding = 4; lastKnownFileType = sourcecode.swift; path = WhatsMyOutView.swift; sourceTree = "<group>"; };
		3D4E4B962A275BEA007742D4 /* LoginViewModel.swift */ = {isa = PBXFileReference; fileEncoding = 4; lastKnownFileType = sourcecode.swift; path = LoginViewModel.swift; sourceTree = "<group>"; };
		3D4E4B972A275BEA007742D4 /* LoginMenuView.swift */ = {isa = PBXFileReference; fileEncoding = 4; lastKnownFileType = sourcecode.swift; path = LoginMenuView.swift; sourceTree = "<group>"; };
		3D4E4B992A275BEA007742D4 /* StatsScreenView.swift */ = {isa = PBXFileReference; fileEncoding = 4; lastKnownFileType = sourcecode.swift; path = StatsScreenView.swift; sourceTree = "<group>"; };
		3D4E4BA82A275C7B007742D4 /* ViewStyling.swift */ = {isa = PBXFileReference; fileEncoding = 4; lastKnownFileType = sourcecode.swift; path = ViewStyling.swift; sourceTree = "<group>"; };
		3D4E4BAA2A275C9A007742D4 /* CheckoutOption1.json */ = {isa = PBXFileReference; fileEncoding = 4; lastKnownFileType = text.json; path = CheckoutOption1.json; sourceTree = "<group>"; };
		3D4E4BAB2A275C9A007742D4 /* CheckoutOption3.json */ = {isa = PBXFileReference; fileEncoding = 4; lastKnownFileType = text.json; path = CheckoutOption3.json; sourceTree = "<group>"; };
		3D4E4BAC2A275C9A007742D4 /* Bundle-Decodable.swift */ = {isa = PBXFileReference; fileEncoding = 4; lastKnownFileType = sourcecode.swift; name = "Bundle-Decodable.swift"; path = "/Users/justintrubela/Projects/DartsCheckoutsGame/CheckOUTS/CheckOUTS/CheckoutJSON/Bundle-Decodable.swift"; sourceTree = "<absolute>"; };
		3D4E4BAD2A275C9A007742D4 /* Checkout.swift */ = {isa = PBXFileReference; fileEncoding = 4; lastKnownFileType = sourcecode.swift; path = Checkout.swift; sourceTree = "<group>"; };
		3D4E4BAE2A275C9A007742D4 /* CheckoutOption2.json */ = {isa = PBXFileReference; fileEncoding = 4; lastKnownFileType = text.json; path = CheckoutOption2.json; sourceTree = "<group>"; };
		3DF8C433276ED2D1006582E7 /* CheckOUTS.app */ = {isa = PBXFileReference; explicitFileType = wrapper.application; includeInIndex = 0; path = CheckOUTS.app; sourceTree = BUILT_PRODUCTS_DIR; };
/* End PBXFileReference section */

/* Begin PBXFrameworksBuildPhase section */
		3DF8C430276ED2D1006582E7 /* Frameworks */ = {
			isa = PBXFrameworksBuildPhase;
			buildActionMask = 2147483647;
			files = (
			);
			runOnlyForDeploymentPostprocessing = 0;
		};
/* End PBXFrameworksBuildPhase section */

/* Begin PBXGroup section */
		3D2C0EA02A275990002229D1 /* DartsCheckoutsGame */ = {
			isa = PBXGroup;
			children = (
				3D4E4B842A275BEA007742D4 /* Views */,
				3D4E4B792A275BBA007742D4 /* CheckoutJSON */,
				3D4E4BA72A275BF9007742D4 /* ViewStyling */,
				3D2C0EA12A275990002229D1 /* ViewModels */,
				3D2C0EAC2A275990002229D1 /* Assets.xcassets */,
				3D2C0EAD2A275990002229D1 /* Preview Content */,
				3D2C0EAF2A275990002229D1 /* DartsCheckoutsGameApp.swift */,
			);
			name = DartsCheckoutsGame;
			path = /Users/justintrubela/Projects/DartsCheckoutsGame/CheckOUTS/CheckOUTS;
			sourceTree = "<absolute>";
		};
		3D2C0EA12A275990002229D1 /* ViewModels */ = {
			isa = PBXGroup;
			children = (
				3D2C0EA82A275990002229D1 /* Player.swift */,
				3D2C0EA92A275990002229D1 /* GameModel.swift */,
			);
			name = ViewModels;
			path = /Users/justintrubela/Projects/DartsCheckoutsGame/CheckOUTS/CheckOUTS/ViewModels;
			sourceTree = "<absolute>";
		};
		3D2C0EAD2A275990002229D1 /* Preview Content */ = {
			isa = PBXGroup;
			children = (
				3D2C0EAE2A275990002229D1 /* Preview Assets.xcassets */,
			);
			path = "Preview Content";
			sourceTree = "<group>";
		};
		3D4E4B792A275BBA007742D4 /* CheckoutJSON */ = {
			isa = PBXGroup;
			children = (
				3D4E4BAC2A275C9A007742D4 /* Bundle-Decodable.swift */,
				3D4E4BAD2A275C9A007742D4 /* Checkout.swift */,
				3D4E4BAA2A275C9A007742D4 /* CheckoutOption1.json */,
				3D4E4BAE2A275C9A007742D4 /* CheckoutOption2.json */,
				3D4E4BAB2A275C9A007742D4 /* CheckoutOption3.json */,
			);
			name = CheckoutJSON;
			path = /Users/justintrubela/Projects/DartsCheckoutsGame/CheckOUTS/CheckOUTS/CheckoutJSON;
			sourceTree = "<absolute>";
		};
		3D4E4B842A275BEA007742D4 /* Views */ = {
			isa = PBXGroup;
			children = (
				3D4E4B852A275BEA007742D4 /* Register */,
				3D4E4B882A275BEA007742D4 /* LandingPage */,
				3D4E4B8A2A275BEA007742D4 /* Games */,
				3D4E4B952A275BEA007742D4 /* Login */,
				3D4E4B982A275BEA007742D4 /* Stats */,
			);
			name = Views;
			path = CheckOUTS/Views;
			sourceTree = SOURCE_ROOT;
		};
		3D4E4B852A275BEA007742D4 /* Register */ = {
			isa = PBXGroup;
			children = (
				3D4E4B862A275BEA007742D4 /* ForgotPassword.swift */,
				3D4E4B872A275BEA007742D4 /* RegistrationView.swift */,
			);
			path = Register;
			sourceTree = "<group>";
		};
		3D4E4B882A275BEA007742D4 /* LandingPage */ = {
			isa = PBXGroup;
			children = (
				3D4E4B892A275BEA007742D4 /* LandingPageView.swift */,
			);
			path = LandingPage;
			sourceTree = "<group>";
		};
		3D4E4B8A2A275BEA007742D4 /* Games */ = {
			isa = PBXGroup;
			children = (
				3D4E4B8B2A275BEA007742D4 /* Cricket */,
				3D4E4B8D2A275BEA007742D4 /* 501 */,
				3D4E4B902A275BEA007742D4 /* Practice */,
			);
			path = Games;
			sourceTree = "<group>";
		};
		3D4E4B8B2A275BEA007742D4 /* Cricket */ = {
			isa = PBXGroup;
			children = (
				3D4E4B8C2A275BEA007742D4 /* PlayCricketView.swift */,
			);
			path = Cricket;
			sourceTree = "<group>";
		};
		3D4E4B8D2A275BEA007742D4 /* 501 */ = {
			isa = PBXGroup;
			children = (
				3D4E4B8E2A275BEA007742D4 /* Play501View.swift */,
				3D4E4B8F2A275BEA007742D4 /* Play01Model.swift */,
			);
			path = 501;
			sourceTree = "<group>";
		};
		3D4E4B902A275BEA007742D4 /* Practice */ = {
			isa = PBXGroup;
			children = (
				3D4E4B912A275BEA007742D4 /* PracticeView.swift */,
				3D4E4B922A275BEA007742D4 /* HitOutScreenView.swift */,
				3D4E4B932A275BEA007742D4 /* MissedOutScreenView.swift */,
				3D4E4B942A275BEA007742D4 /* WhatsMyOutView.swift */,
			);
			path = Practice;
			sourceTree = "<group>";
		};
		3D4E4B952A275BEA007742D4 /* Login */ = {
			isa = PBXGroup;
			children = (
				3D4E4B962A275BEA007742D4 /* LoginViewModel.swift */,
				3D4E4B972A275BEA007742D4 /* LoginMenuView.swift */,
			);
			path = Login;
			sourceTree = "<group>";
		};
		3D4E4B982A275BEA007742D4 /* Stats */ = {
			isa = PBXGroup;
			children = (
				3D4E4B992A275BEA007742D4 /* StatsScreenView.swift */,
			);
			path = Stats;
			sourceTree = "<group>";
		};
		3D4E4BA72A275BF9007742D4 /* ViewStyling */ = {
			isa = PBXGroup;
			children = (
				3D4E4BA82A275C7B007742D4 /* ViewStyling.swift */,
			);
			name = ViewStyling;
			path = CheckOUTS/ViewStyling;
			sourceTree = SOURCE_ROOT;
		};
		3DF8C42A276ED2D1006582E7 = {
			isa = PBXGroup;
			children = (
				3D2C0EA02A275990002229D1 /* DartsCheckoutsGame */,
				3DF8C434276ED2D1006582E7 /* Products */,
			);
			sourceTree = "<group>";
		};
		3DF8C434276ED2D1006582E7 /* Products */ = {
			isa = PBXGroup;
			children = (
				3DF8C433276ED2D1006582E7 /* CheckOUTS.app */,
			);
			name = Products;
			sourceTree = "<group>";
		};
/* End PBXGroup section */

/* Begin PBXNativeTarget section */
		3DF8C432276ED2D1006582E7 /* CheckOUTS */ = {
			isa = PBXNativeTarget;
			buildConfigurationList = 3DF8C441276ED2D3006582E7 /* Build configuration list for PBXNativeTarget "CheckOUTS" */;
			buildPhases = (
				3DF8C42F276ED2D1006582E7 /* Sources */,
				3DF8C430276ED2D1006582E7 /* Frameworks */,
				3DF8C431276ED2D1006582E7 /* Resources */,
			);
			buildRules = (
			);
			dependencies = (
			);
			name = CheckOUTS;
			productName = CheckOUTS;
			productReference = 3DF8C433276ED2D1006582E7 /* CheckOUTS.app */;
			productType = "com.apple.product-type.application";
		};
/* End PBXNativeTarget section */

/* Begin PBXProject section */
		3DF8C42B276ED2D1006582E7 /* Project object */ = {
			isa = PBXProject;
			attributes = {
				BuildIndependentTargetsInParallel = 1;
				LastSwiftUpdateCheck = 1310;
				LastUpgradeCheck = 1310;
				TargetAttributes = {
					3DF8C432276ED2D1006582E7 = {
						CreatedOnToolsVersion = 13.1;
					};
				};
			};
			buildConfigurationList = 3DF8C42E276ED2D1006582E7 /* Build configuration list for PBXProject "CheckOUTS" */;
			compatibilityVersion = "Xcode 13.0";
			developmentRegion = en;
			hasScannedForEncodings = 0;
			knownRegions = (
				en,
				Base,
			);
			mainGroup = 3DF8C42A276ED2D1006582E7;
			productRefGroup = 3DF8C434276ED2D1006582E7 /* Products */;
			projectDirPath = "";
			projectRoot = "";
			targets = (
				3DF8C432276ED2D1006582E7 /* CheckOUTS */,
			);
		};
/* End PBXProject section */

/* Begin PBXResourcesBuildPhase section */
		3DF8C431276ED2D1006582E7 /* Resources */ = {
			isa = PBXResourcesBuildPhase;
			buildActionMask = 2147483647;
			files = (
				3D4E4BAF2A275C9A007742D4 /* CheckoutOption1.json in Resources */,
				3D2C0ECF2A275991002229D1 /* Assets.xcassets in Resources */,
				3D4E4BB02A275C9A007742D4 /* CheckoutOption3.json in Resources */,
				3D4E4BB32A275C9A007742D4 /* CheckoutOption2.json in Resources */,
				3D2C0ED02A275991002229D1 /* Preview Assets.xcassets in Resources */,
			);
			runOnlyForDeploymentPostprocessing = 0;
		};
/* End PBXResourcesBuildPhase section */

/* Begin PBXSourcesBuildPhase section */
		3DF8C42F276ED2D1006582E7 /* Sources */ = {
			isa = PBXSourcesBuildPhase;
			buildActionMask = 2147483647;
			files = (
				3D2C0ED12A275991002229D1 /* DartsCheckoutsGameApp.swift in Sources */,
				3D4E4BB22A275C9A007742D4 /* Checkout.swift in Sources */,
				3D2C0ECC2A275991002229D1 /* Player.swift in Sources */,
				3D4E4BA22A275BEB007742D4 /* MissedOutScreenView.swift in Sources */,
				3D4E4BA42A275BEB007742D4 /* LoginViewModel.swift in Sources */,
				3D4E4B9B2A275BEB007742D4 /* RegistrationView.swift in Sources */,
				3D4E4BB12A275C9A007742D4 /* Bundle-Decodable.swift in Sources */,
				3D4E4B9C2A275BEB007742D4 /* LandingPageView.swift in Sources */,
				3D4E4BA62A275BEB007742D4 /* StatsScreenView.swift in Sources */,
				3D4E4BA12A275BEB007742D4 /* HitOutScreenView.swift in Sources */,
				3D4E4BA52A275BEB007742D4 /* LoginMenuView.swift in Sources */,
				3D4E4BA32A275BEB007742D4 /* WhatsMyOutView.swift in Sources */,
				3D2C0ECD2A275991002229D1 /* GameModel.swift in Sources */,
				3D4E4BA02A275BEB007742D4 /* PracticeView.swift in Sources */,
				3D4E4BA92A275C7C007742D4 /* ViewStyling.swift in Sources */,
				3D4E4B9E2A275BEB007742D4 /* Play501View.swift in Sources */,
				3D4E4B9F2A275BEB007742D4 /* Play01Model.swift in Sources */,
				3D4E4B9D2A275BEB007742D4 /* PlayCricketView.swift in Sources */,
				3D4E4B9A2A275BEB007742D4 /* ForgotPassword.swift in Sources */,
			);
			runOnlyForDeploymentPostprocessing = 0;
		};
/* End PBXSourcesBuildPhase section */

/* Begin XCBuildConfiguration section */
		3DF8C43F276ED2D3006582E7 /* Debug */ = {
			isa = XCBuildConfiguration;
			buildSettings = {
				ALWAYS_SEARCH_USER_PATHS = NO;
				CLANG_ANALYZER_NONNULL = YES;
				CLANG_ANALYZER_NUMBER_OBJECT_CONVERSION = YES_AGGRESSIVE;
				CLANG_CXX_LANGUAGE_STANDARD = "gnu++17";
				CLANG_CXX_LIBRARY = "libc++";
				CLANG_ENABLE_MODULES = YES;
				CLANG_ENABLE_OBJC_ARC = YES;
				CLANG_ENABLE_OBJC_WEAK = YES;
				CLANG_WARN_BLOCK_CAPTURE_AUTORELEASING = YES;
				CLANG_WARN_BOOL_CONVERSION = YES;
				CLANG_WARN_COMMA = YES;
				CLANG_WARN_CONSTANT_CONVERSION = YES;
				CLANG_WARN_DEPRECATED_OBJC_IMPLEMENTATIONS = YES;
				CLANG_WARN_DIRECT_OBJC_ISA_USAGE = YES_ERROR;
				CLANG_WARN_DOCUMENTATION_COMMENTS = YES;
				CLANG_WARN_EMPTY_BODY = YES;
				CLANG_WARN_ENUM_CONVERSION = YES;
				CLANG_WARN_INFINITE_RECURSION = YES;
				CLANG_WARN_INT_CONVERSION = YES;
				CLANG_WARN_NON_LITERAL_NULL_CONVERSION = YES;
				CLANG_WARN_OBJC_IMPLICIT_RETAIN_SELF = YES;
				CLANG_WARN_OBJC_LITERAL_CONVERSION = YES;
				CLANG_WARN_OBJC_ROOT_CLASS = YES_ERROR;
				CLANG_WARN_QUOTED_INCLUDE_IN_FRAMEWORK_HEADER = YES;
				CLANG_WARN_RANGE_LOOP_ANALYSIS = YES;
				CLANG_WARN_STRICT_PROTOTYPES = YES;
				CLANG_WARN_SUSPICIOUS_MOVE = YES;
				CLANG_WARN_UNGUARDED_AVAILABILITY = YES_AGGRESSIVE;
				CLANG_WARN_UNREACHABLE_CODE = YES;
				CLANG_WARN__DUPLICATE_METHOD_MATCH = YES;
				COPY_PHASE_STRIP = NO;
				DEBUG_INFORMATION_FORMAT = dwarf;
				ENABLE_STRICT_OBJC_MSGSEND = YES;
				ENABLE_TESTABILITY = YES;
				GCC_C_LANGUAGE_STANDARD = gnu11;
				GCC_DYNAMIC_NO_PIC = NO;
				GCC_NO_COMMON_BLOCKS = YES;
				GCC_OPTIMIZATION_LEVEL = 0;
				GCC_PREPROCESSOR_DEFINITIONS = (
					"DEBUG=1",
					"$(inherited)",
				);
				GCC_WARN_64_TO_32_BIT_CONVERSION = YES;
				GCC_WARN_ABOUT_RETURN_TYPE = YES_ERROR;
				GCC_WARN_UNDECLARED_SELECTOR = YES;
				GCC_WARN_UNINITIALIZED_AUTOS = YES_AGGRESSIVE;
				GCC_WARN_UNUSED_FUNCTION = YES;
				GCC_WARN_UNUSED_VARIABLE = YES;
				IPHONEOS_DEPLOYMENT_TARGET = 15.0;
				MTL_ENABLE_DEBUG_INFO = INCLUDE_SOURCE;
				MTL_FAST_MATH = YES;
				ONLY_ACTIVE_ARCH = YES;
				SDKROOT = iphoneos;
				SWIFT_ACTIVE_COMPILATION_CONDITIONS = DEBUG;
				SWIFT_OPTIMIZATION_LEVEL = "-Onone";
			};
			name = Debug;
		};
		3DF8C440276ED2D3006582E7 /* Release */ = {
			isa = XCBuildConfiguration;
			buildSettings = {
				ALWAYS_SEARCH_USER_PATHS = NO;
				CLANG_ANALYZER_NONNULL = YES;
				CLANG_ANALYZER_NUMBER_OBJECT_CONVERSION = YES_AGGRESSIVE;
				CLANG_CXX_LANGUAGE_STANDARD = "gnu++17";
				CLANG_CXX_LIBRARY = "libc++";
				CLANG_ENABLE_MODULES = YES;
				CLANG_ENABLE_OBJC_ARC = YES;
				CLANG_ENABLE_OBJC_WEAK = YES;
				CLANG_WARN_BLOCK_CAPTURE_AUTORELEASING = YES;
				CLANG_WARN_BOOL_CONVERSION = YES;
				CLANG_WARN_COMMA = YES;
				CLANG_WARN_CONSTANT_CONVERSION = YES;
				CLANG_WARN_DEPRECATED_OBJC_IMPLEMENTATIONS = YES;
				CLANG_WARN_DIRECT_OBJC_ISA_USAGE = YES_ERROR;
				CLANG_WARN_DOCUMENTATION_COMMENTS = YES;
				CLANG_WARN_EMPTY_BODY = YES;
				CLANG_WARN_ENUM_CONVERSION = YES;
				CLANG_WARN_INFINITE_RECURSION = YES;
				CLANG_WARN_INT_CONVERSION = YES;
				CLANG_WARN_NON_LITERAL_NULL_CONVERSION = YES;
				CLANG_WARN_OBJC_IMPLICIT_RETAIN_SELF = YES;
				CLANG_WARN_OBJC_LITERAL_CONVERSION = YES;
				CLANG_WARN_OBJC_ROOT_CLASS = YES_ERROR;
				CLANG_WARN_QUOTED_INCLUDE_IN_FRAMEWORK_HEADER = YES;
				CLANG_WARN_RANGE_LOOP_ANALYSIS = YES;
				CLANG_WARN_STRICT_PROTOTYPES = YES;
				CLANG_WARN_SUSPICIOUS_MOVE = YES;
				CLANG_WARN_UNGUARDED_AVAILABILITY = YES_AGGRESSIVE;
				CLANG_WARN_UNREACHABLE_CODE = YES;
				CLANG_WARN__DUPLICATE_METHOD_MATCH = YES;
				COPY_PHASE_STRIP = NO;
				DEBUG_INFORMATION_FORMAT = "dwarf-with-dsym";
				ENABLE_NS_ASSERTIONS = NO;
				ENABLE_STRICT_OBJC_MSGSEND = YES;
				GCC_C_LANGUAGE_STANDARD = gnu11;
				GCC_NO_COMMON_BLOCKS = YES;
				GCC_WARN_64_TO_32_BIT_CONVERSION = YES;
				GCC_WARN_ABOUT_RETURN_TYPE = YES_ERROR;
				GCC_WARN_UNDECLARED_SELECTOR = YES;
				GCC_WARN_UNINITIALIZED_AUTOS = YES_AGGRESSIVE;
				GCC_WARN_UNUSED_FUNCTION = YES;
				GCC_WARN_UNUSED_VARIABLE = YES;
				IPHONEOS_DEPLOYMENT_TARGET = 15.0;
				MTL_ENABLE_DEBUG_INFO = NO;
				MTL_FAST_MATH = YES;
				SDKROOT = iphoneos;
				SWIFT_COMPILATION_MODE = wholemodule;
				SWIFT_OPTIMIZATION_LEVEL = "-O";
				VALIDATE_PRODUCT = YES;
			};
			name = Release;
		};
		3DF8C442276ED2D3006582E7 /* Debug */ = {
			isa = XCBuildConfiguration;
			buildSettings = {
				ASSETCATALOG_COMPILER_APPICON_NAME = AppIcon;
				ASSETCATALOG_COMPILER_GLOBAL_ACCENT_COLOR_NAME = AccentColor;
				CODE_SIGN_STYLE = Automatic;
				CURRENT_PROJECT_VERSION = 1;
				DEVELOPMENT_ASSET_PATHS = "";
				DEVELOPMENT_TEAM = 6CD78A686T;
				ENABLE_PREVIEWS = YES;
				GENERATE_INFOPLIST_FILE = YES;
				INFOPLIST_KEY_UIApplicationSceneManifest_Generation = YES;
				INFOPLIST_KEY_UIApplicationSupportsIndirectInputEvents = YES;
				INFOPLIST_KEY_UILaunchScreen_Generation = YES;
				INFOPLIST_KEY_UISupportedInterfaceOrientations_iPad = "UIInterfaceOrientationPortrait UIInterfaceOrientationPortraitUpsideDown UIInterfaceOrientationLandscapeLeft UIInterfaceOrientationLandscapeRight";
				INFOPLIST_KEY_UISupportedInterfaceOrientations_iPhone = "UIInterfaceOrientationPortrait UIInterfaceOrientationLandscapeLeft UIInterfaceOrientationLandscapeRight";
				LD_RUNPATH_SEARCH_PATHS = (
					"$(inherited)",
					"@executable_path/Frameworks",
				);
				MARKETING_VERSION = 1.0;
				PRODUCT_BUNDLE_IDENTIFIER = "Justin-Trubela.CheckOUTS";
				PRODUCT_NAME = "$(TARGET_NAME)";
				SWIFT_EMIT_LOC_STRINGS = YES;
				SWIFT_VERSION = 5.0;
				TARGETED_DEVICE_FAMILY = "1,2";
			};
			name = Debug;
		};
		3DF8C443276ED2D3006582E7 /* Release */ = {
			isa = XCBuildConfiguration;
			buildSettings = {
				ASSETCATALOG_COMPILER_APPICON_NAME = AppIcon;
				ASSETCATALOG_COMPILER_GLOBAL_ACCENT_COLOR_NAME = AccentColor;
				CODE_SIGN_STYLE = Automatic;
				CURRENT_PROJECT_VERSION = 1;
				DEVELOPMENT_ASSET_PATHS = "";
				DEVELOPMENT_TEAM = 6CD78A686T;
				ENABLE_PREVIEWS = YES;
				GENERATE_INFOPLIST_FILE = YES;
				INFOPLIST_KEY_UIApplicationSceneManifest_Generation = YES;
				INFOPLIST_KEY_UIApplicationSupportsIndirectInputEvents = YES;
				INFOPLIST_KEY_UILaunchScreen_Generation = YES;
				INFOPLIST_KEY_UISupportedInterfaceOrientations_iPad = "UIInterfaceOrientationPortrait UIInterfaceOrientationPortraitUpsideDown UIInterfaceOrientationLandscapeLeft UIInterfaceOrientationLandscapeRight";
				INFOPLIST_KEY_UISupportedInterfaceOrientations_iPhone = "UIInterfaceOrientationPortrait UIInterfaceOrientationLandscapeLeft UIInterfaceOrientationLandscapeRight";
				LD_RUNPATH_SEARCH_PATHS = (
					"$(inherited)",
					"@executable_path/Frameworks",
				);
				MARKETING_VERSION = 1.0;
				PRODUCT_BUNDLE_IDENTIFIER = "Justin-Trubela.CheckOUTS";
				PRODUCT_NAME = "$(TARGET_NAME)";
				SWIFT_EMIT_LOC_STRINGS = YES;
				SWIFT_VERSION = 5.0;
				TARGETED_DEVICE_FAMILY = "1,2";
			};
			name = Release;
		};
/* End XCBuildConfiguration section */

/* Begin XCConfigurationList section */
		3DF8C42E276ED2D1006582E7 /* Build configuration list for PBXProject "CheckOUTS" */ = {
			isa = XCConfigurationList;
			buildConfigurations = (
				3DF8C43F276ED2D3006582E7 /* Debug */,
				3DF8C440276ED2D3006582E7 /* Release */,
			);
			defaultConfigurationIsVisible = 0;
			defaultConfigurationName = Release;
		};
		3DF8C441276ED2D3006582E7 /* Build configuration list for PBXNativeTarget "CheckOUTS" */ = {
			isa = XCConfigurationList;
			buildConfigurations = (
				3DF8C442276ED2D3006582E7 /* Debug */,
				3DF8C443276ED2D3006582E7 /* Release */,
			);
			defaultConfigurationIsVisible = 0;
			defaultConfigurationName = Release;
		};
/* End XCConfigurationList section */
	};
	rootObject = 3DF8C42B276ED2D1006582E7 /* Project object */;
}
