// !$*UTF8*$!
{
	archiveVersion = 1;
	classes = {
	};
	objectVersion = 56;
	objects = {

/* Begin PBXBuildFile section */
		3D304F702A8062CB008775DA /* CardCollectionView.swift in Sources */ = {isa = PBXBuildFile; fileRef = 3D304F412A8062CA008775DA /* CardCollectionView.swift */; };
		3D304F712A8062CB008775DA /* VideoGames.json in Resources */ = {isa = PBXBuildFile; fileRef = 3D304F482A8062CA008775DA /* VideoGames.json */; };
		3D304F722A8062CB008775DA /* Systems.swift in Sources */ = {isa = PBXBuildFile; fileRef = 3D304F4A2A8062CB008775DA /* Systems.swift */; };
		3D304F732A8062CB008775DA /* ConsolesList.swift in Sources */ = {isa = PBXBuildFile; fileRef = 3D304F4C2A8062CB008775DA /* ConsolesList.swift */; };
		3D304F742A8062CB008775DA /* GamesList.swift in Sources */ = {isa = PBXBuildFile; fileRef = 3D304F4D2A8062CB008775DA /* GamesList.swift */; };
		3D304F752A8062CB008775DA /* Topps88CG.json in Resources */ = {isa = PBXBuildFile; fileRef = 3D304F522A8062CB008775DA /* Topps88CG.json */; };
		3D304F762A8062CB008775DA /* Topps88CGCard.swift in Sources */ = {isa = PBXBuildFile; fileRef = 3D304F542A8062CB008775DA /* Topps88CGCard.swift */; };
		3D304F7A2A8062CB008775DA /* CardListItem.swift in Sources */ = {isa = PBXBuildFile; fileRef = 3D304F5A2A8062CB008775DA /* CardListItem.swift */; };
		3D304F7C2A8062CB008775DA /* CardsList.swift in Sources */ = {isa = PBXBuildFile; fileRef = 3D304F5C2A8062CB008775DA /* CardsList.swift */; };
		3D304F7D2A8062CB008775DA /* Book.swift in Sources */ = {isa = PBXBuildFile; fileRef = 3D304F5F2A8062CB008775DA /* Book.swift */; };
		3D304F7E2A8062CB008775DA /* Media.json in Resources */ = {isa = PBXBuildFile; fileRef = 3D304F642A8062CB008775DA /* Media.json */; };
		3D304F7F2A8062CB008775DA /* Media.swift in Sources */ = {isa = PBXBuildFile; fileRef = 3D304F662A8062CB008775DA /* Media.swift */; };
		3D304F802A8062CB008775DA /* MovieList.swift in Sources */ = {isa = PBXBuildFile; fileRef = 3D304F682A8062CB008775DA /* MovieList.swift */; };
		3D304F812A8062CB008775DA /* ListItem.swift in Sources */ = {isa = PBXBuildFile; fileRef = 3D304F6A2A8062CB008775DA /* ListItem.swift */; };
		3D304F822A8062CB008775DA /* ItemsList.swift in Sources */ = {isa = PBXBuildFile; fileRef = 3D304F6B2A8062CB008775DA /* ItemsList.swift */; };
		3D304F832A8062CB008775DA /* BundleDecoder.swift in Sources */ = {isa = PBXBuildFile; fileRef = 3D304F6E2A8062CB008775DA /* BundleDecoder.swift */; };
		3D304F842A8062CB008775DA /* ContentView.swift in Sources */ = {isa = PBXBuildFile; fileRef = 3D304F6F2A8062CB008775DA /* ContentView.swift */; };
		3D4C53692A4FD13D003E334F /* Stash_HouseApp.swift in Sources */ = {isa = PBXBuildFile; fileRef = 3D4C53682A4FD13D003E334F /* Stash_HouseApp.swift */; };
		3D4C536D2A4FD13F003E334F /* Assets.xcassets in Resources */ = {isa = PBXBuildFile; fileRef = 3D4C536C2A4FD13F003E334F /* Assets.xcassets */; };
		3D4C53702A4FD13F003E334F /* Preview Assets.xcassets in Resources */ = {isa = PBXBuildFile; fileRef = 3D4C536F2A4FD13F003E334F /* Preview Assets.xcassets */; };
/* End PBXBuildFile section */

/* Begin PBXFileReference section */
		3D304F412A8062CA008775DA /* CardCollectionView.swift */ = {isa = PBXFileReference; fileEncoding = 4; lastKnownFileType = sourcecode.swift; path = CardCollectionView.swift; sourceTree = "<group>"; };
		3D304F482A8062CA008775DA /* VideoGames.json */ = {isa = PBXFileReference; fileEncoding = 4; lastKnownFileType = text.json; path = VideoGames.json; sourceTree = "<group>"; };
		3D304F4A2A8062CB008775DA /* Systems.swift */ = {isa = PBXFileReference; fileEncoding = 4; lastKnownFileType = sourcecode.swift; path = Systems.swift; sourceTree = "<group>"; };
		3D304F4C2A8062CB008775DA /* ConsolesList.swift */ = {isa = PBXFileReference; fileEncoding = 4; lastKnownFileType = sourcecode.swift; path = ConsolesList.swift; sourceTree = "<group>"; };
		3D304F4D2A8062CB008775DA /* GamesList.swift */ = {isa = PBXFileReference; fileEncoding = 4; lastKnownFileType = sourcecode.swift; path = GamesList.swift; sourceTree = "<group>"; };
		3D304F522A8062CB008775DA /* Topps88CG.json */ = {isa = PBXFileReference; fileEncoding = 4; lastKnownFileType = text.json; path = Topps88CG.json; sourceTree = "<group>"; };
		3D304F542A8062CB008775DA /* Topps88CGCard.swift */ = {isa = PBXFileReference; fileEncoding = 4; lastKnownFileType = sourcecode.swift; path = Topps88CGCard.swift; sourceTree = "<group>"; };
		3D304F5A2A8062CB008775DA /* CardListItem.swift */ = {isa = PBXFileReference; fileEncoding = 4; lastKnownFileType = sourcecode.swift; path = CardListItem.swift; sourceTree = "<group>"; };
		3D304F5C2A8062CB008775DA /* CardsList.swift */ = {isa = PBXFileReference; fileEncoding = 4; lastKnownFileType = sourcecode.swift; path = CardsList.swift; sourceTree = "<group>"; };
		3D304F5F2A8062CB008775DA /* Book.swift */ = {isa = PBXFileReference; fileEncoding = 4; lastKnownFileType = sourcecode.swift; path = Book.swift; sourceTree = "<group>"; };
		3D304F642A8062CB008775DA /* Media.json */ = {isa = PBXFileReference; fileEncoding = 4; lastKnownFileType = text.json; path = Media.json; sourceTree = "<group>"; };
		3D304F662A8062CB008775DA /* Media.swift */ = {isa = PBXFileReference; fileEncoding = 4; lastKnownFileType = sourcecode.swift; path = Media.swift; sourceTree = "<group>"; };
		3D304F682A8062CB008775DA /* MovieList.swift */ = {isa = PBXFileReference; fileEncoding = 4; lastKnownFileType = sourcecode.swift; path = MovieList.swift; sourceTree = "<group>"; };
		3D304F6A2A8062CB008775DA /* ListItem.swift */ = {isa = PBXFileReference; fileEncoding = 4; lastKnownFileType = sourcecode.swift; path = ListItem.swift; sourceTree = "<group>"; };
		3D304F6B2A8062CB008775DA /* ItemsList.swift */ = {isa = PBXFileReference; fileEncoding = 4; lastKnownFileType = sourcecode.swift; path = ItemsList.swift; sourceTree = "<group>"; };
		3D304F6E2A8062CB008775DA /* BundleDecoder.swift */ = {isa = PBXFileReference; fileEncoding = 4; lastKnownFileType = sourcecode.swift; path = BundleDecoder.swift; sourceTree = "<group>"; };
		3D304F6F2A8062CB008775DA /* ContentView.swift */ = {isa = PBXFileReference; fileEncoding = 4; lastKnownFileType = sourcecode.swift; path = ContentView.swift; sourceTree = "<group>"; };
		3D4C53652A4FD13D003E334F /* Stash House.app */ = {isa = PBXFileReference; explicitFileType = wrapper.application; includeInIndex = 0; path = "Stash House.app"; sourceTree = BUILT_PRODUCTS_DIR; };
		3D4C53682A4FD13D003E334F /* Stash_HouseApp.swift */ = {isa = PBXFileReference; lastKnownFileType = sourcecode.swift; path = Stash_HouseApp.swift; sourceTree = "<group>"; };
		3D4C536C2A4FD13F003E334F /* Assets.xcassets */ = {isa = PBXFileReference; lastKnownFileType = folder.assetcatalog; path = Assets.xcassets; sourceTree = "<group>"; };
		3D4C536F2A4FD13F003E334F /* Preview Assets.xcassets */ = {isa = PBXFileReference; lastKnownFileType = folder.assetcatalog; path = "Preview Assets.xcassets"; sourceTree = "<group>"; };
/* End PBXFileReference section */

/* Begin PBXFrameworksBuildPhase section */
		3D4C53622A4FD13D003E334F /* Frameworks */ = {
			isa = PBXFrameworksBuildPhase;
			buildActionMask = 2147483647;
			files = (
			);
			runOnlyForDeploymentPostprocessing = 0;
		};
/* End PBXFrameworksBuildPhase section */

/* Begin PBXGroup section */
		3D304F402A8062CA008775DA /* Views */ = {
			isa = PBXGroup;
			children = (
				3D304F6F2A8062CB008775DA /* ContentView.swift */,
				3D304F412A8062CA008775DA /* CardCollectionView.swift */,
				3D304F422A8062CA008775DA /* Collection Lists */,
				3D304F6C2A8062CB008775DA /* Model */,
			);
			path = Views;
			sourceTree = "<group>";
		};
		3D304F422A8062CA008775DA /* Collection Lists */ = {
			isa = PBXGroup;
			children = (
				3D304F432A8062CA008775DA /* View Models */,
			);
			path = "Collection Lists";
			sourceTree = "<group>";
		};
		3D304F432A8062CA008775DA /* View Models */ = {
			isa = PBXGroup;
			children = (
				3D304F442A8062CA008775DA /* ListItem */,
			);
			path = "View Models";
			sourceTree = "<group>";
		};
		3D304F442A8062CA008775DA /* ListItem */ = {
			isa = PBXGroup;
			children = (
				3D304F692A8062CB008775DA /* Views */,
				3D304F452A8062CA008775DA /* Models */,
			);
			path = ListItem;
			sourceTree = "<group>";
		};
		3D304F452A8062CA008775DA /* Models */ = {
			isa = PBXGroup;
			children = (
				3D304F5D2A8062CB008775DA /* Books */,
				3D304F602A8062CB008775DA /* Media */,
				3D304F462A8062CA008775DA /* Video Games */,
				3D304F4E2A8062CB008775DA /* Cards */,
			);
			path = Models;
			sourceTree = "<group>";
		};
		3D304F462A8062CA008775DA /* Video Games */ = {
			isa = PBXGroup;
			children = (
				3D304F4B2A8062CB008775DA /* View */,
				3D304F492A8062CB008775DA /* Model */,
				3D304F472A8062CA008775DA /* JSON */,
			);
			path = "Video Games";
			sourceTree = "<group>";
		};
		3D304F472A8062CA008775DA /* JSON */ = {
			isa = PBXGroup;
			children = (
				3D304F482A8062CA008775DA /* VideoGames.json */,
			);
			path = JSON;
			sourceTree = "<group>";
		};
		3D304F492A8062CB008775DA /* Model */ = {
			isa = PBXGroup;
			children = (
				3D304F4A2A8062CB008775DA /* Systems.swift */,
			);
			path = Model;
			sourceTree = "<group>";
		};
		3D304F4B2A8062CB008775DA /* View */ = {
			isa = PBXGroup;
			children = (
				3D304F4C2A8062CB008775DA /* ConsolesList.swift */,
				3D304F4D2A8062CB008775DA /* GamesList.swift */,
			);
			path = View;
			sourceTree = "<group>";
		};
		3D304F4E2A8062CB008775DA /* Cards */ = {
			isa = PBXGroup;
			children = (
				3D304F562A8062CB008775DA /* View */,
				3D304F4F2A8062CB008775DA /* Model */,
			);
			path = Cards;
			sourceTree = "<group>";
		};
		3D304F4F2A8062CB008775DA /* Model */ = {
			isa = PBXGroup;
			children = (
				3D304F502A8062CB008775DA /* Topps88Cards */,
			);
			path = Model;
			sourceTree = "<group>";
		};
		3D304F502A8062CB008775DA /* Topps88Cards */ = {
			isa = PBXGroup;
			children = (
				3D304F552A8062CB008775DA /* View */,
				3D304F532A8062CB008775DA /* Model */,
				3D304F512A8062CB008775DA /* JSON */,
			);
			path = Topps88Cards;
			sourceTree = "<group>";
		};
		3D304F512A8062CB008775DA /* JSON */ = {
			isa = PBXGroup;
			children = (
				3D304F522A8062CB008775DA /* Topps88CG.json */,
			);
			path = JSON;
			sourceTree = "<group>";
		};
		3D304F532A8062CB008775DA /* Model */ = {
			isa = PBXGroup;
			children = (
				3D304F542A8062CB008775DA /* Topps88CGCard.swift */,
			);
			path = Model;
			sourceTree = "<group>";
		};
		3D304F552A8062CB008775DA /* View */ = {
			isa = PBXGroup;
			children = (
			);
			path = View;
			sourceTree = "<group>";
		};
		3D304F562A8062CB008775DA /* View */ = {
			isa = PBXGroup;
			children = (
				3D304F5A2A8062CB008775DA /* CardListItem.swift */,
				3D304F5C2A8062CB008775DA /* CardsList.swift */,
			);
			path = View;
			sourceTree = "<group>";
		};
		3D304F5D2A8062CB008775DA /* Books */ = {
			isa = PBXGroup;
			children = (
				3D304F5E2A8062CB008775DA /* Model */,
			);
			path = Books;
			sourceTree = "<group>";
		};
		3D304F5E2A8062CB008775DA /* Model */ = {
			isa = PBXGroup;
			children = (
				3D304F5F2A8062CB008775DA /* Book.swift */,
			);
			path = Model;
			sourceTree = "<group>";
		};
		3D304F602A8062CB008775DA /* Media */ = {
			isa = PBXGroup;
			children = (
				3D304F612A8062CB008775DA /* Music */,
				3D304F622A8062CB008775DA /* Movies */,
			);
			path = Media;
			sourceTree = "<group>";
		};
		3D304F612A8062CB008775DA /* Music */ = {
			isa = PBXGroup;
			children = (
			);
			path = Music;
			sourceTree = "<group>";
		};
		3D304F622A8062CB008775DA /* Movies */ = {
			isa = PBXGroup;
			children = (
				3D304F672A8062CB008775DA /* View */,
				3D304F652A8062CB008775DA /* Model */,
				3D304F632A8062CB008775DA /* JSON */,
			);
			path = Movies;
			sourceTree = "<group>";
		};
		3D304F632A8062CB008775DA /* JSON */ = {
			isa = PBXGroup;
			children = (
				3D304F642A8062CB008775DA /* Media.json */,
			);
			path = JSON;
			sourceTree = "<group>";
		};
		3D304F652A8062CB008775DA /* Model */ = {
			isa = PBXGroup;
			children = (
				3D304F662A8062CB008775DA /* Media.swift */,
			);
			path = Model;
			sourceTree = "<group>";
		};
		3D304F672A8062CB008775DA /* View */ = {
			isa = PBXGroup;
			children = (
				3D304F682A8062CB008775DA /* MovieList.swift */,
			);
			path = View;
			sourceTree = "<group>";
		};
		3D304F692A8062CB008775DA /* Views */ = {
			isa = PBXGroup;
			children = (
				3D304F6A2A8062CB008775DA /* ListItem.swift */,
				3D304F6B2A8062CB008775DA /* ItemsList.swift */,
			);
			path = Views;
			sourceTree = "<group>";
		};
		3D304F6C2A8062CB008775DA /* Model */ = {
			isa = PBXGroup;
			children = (
				3D304F6D2A8062CB008775DA /* JSON Decoder */,
			);
			path = Model;
			sourceTree = "<group>";
		};
		3D304F6D2A8062CB008775DA /* JSON Decoder */ = {
			isa = PBXGroup;
			children = (
				3D304F6E2A8062CB008775DA /* BundleDecoder.swift */,
			);
			path = "JSON Decoder";
			sourceTree = "<group>";
		};
		3D304F862A8063CC008775DA /* App Utilities */ = {
			isa = PBXGroup;
			children = (
				3D4C53682A4FD13D003E334F /* Stash_HouseApp.swift */,
				3D4C536C2A4FD13F003E334F /* Assets.xcassets */,
				3D4C536E2A4FD13F003E334F /* Preview Content */,
			);
			path = "App Utilities";
			sourceTree = "<group>";
		};
		3D4C535C2A4FD13D003E334F = {
			isa = PBXGroup;
			children = (
				3D4C53672A4FD13D003E334F /* Stash House */,
				3D4C53662A4FD13D003E334F /* Products */,
			);
			sourceTree = "<group>";
		};
		3D4C53662A4FD13D003E334F /* Products */ = {
			isa = PBXGroup;
			children = (
				3D4C53652A4FD13D003E334F /* Stash House.app */,
			);
			name = Products;
			sourceTree = "<group>";
		};
		3D4C53672A4FD13D003E334F /* Stash House */ = {
			isa = PBXGroup;
			children = (
				3D304F402A8062CA008775DA /* Views */,
				3D304F862A8063CC008775DA /* App Utilities */,
			);
			path = "Stash House";
			sourceTree = "<group>";
		};
		3D4C536E2A4FD13F003E334F /* Preview Content */ = {
			isa = PBXGroup;
			children = (
				3D4C536F2A4FD13F003E334F /* Preview Assets.xcassets */,
			);
			path = "Preview Content";
			sourceTree = "<group>";
		};
/* End PBXGroup section */

/* Begin PBXNativeTarget section */
		3D4C53642A4FD13D003E334F /* Stash House */ = {
			isa = PBXNativeTarget;
			buildConfigurationList = 3D4C53732A4FD13F003E334F /* Build configuration list for PBXNativeTarget "Stash House" */;
			buildPhases = (
				3D4C53612A4FD13D003E334F /* Sources */,
				3D4C53622A4FD13D003E334F /* Frameworks */,
				3D4C53632A4FD13D003E334F /* Resources */,
			);
			buildRules = (
			);
			dependencies = (
			);
			name = "Stash House";
			productName = "Stash House";
			productReference = 3D4C53652A4FD13D003E334F /* Stash House.app */;
			productType = "com.apple.product-type.application";
		};
/* End PBXNativeTarget section */

/* Begin PBXProject section */
		3D4C535D2A4FD13D003E334F /* Project object */ = {
			isa = PBXProject;
			attributes = {
				BuildIndependentTargetsInParallel = 1;
				LastSwiftUpdateCheck = 1430;
				LastUpgradeCheck = 1430;
				TargetAttributes = {
					3D4C53642A4FD13D003E334F = {
						CreatedOnToolsVersion = 14.3.1;
					};
				};
			};
			buildConfigurationList = 3D4C53602A4FD13D003E334F /* Build configuration list for PBXProject "Stash House" */;
			compatibilityVersion = "Xcode 14.0";
			developmentRegion = en;
			hasScannedForEncodings = 0;
			knownRegions = (
				en,
				Base,
			);
			mainGroup = 3D4C535C2A4FD13D003E334F;
			productRefGroup = 3D4C53662A4FD13D003E334F /* Products */;
			projectDirPath = "";
			projectRoot = "";
			targets = (
				3D4C53642A4FD13D003E334F /* Stash House */,
			);
		};
/* End PBXProject section */

/* Begin PBXResourcesBuildPhase section */
		3D4C53632A4FD13D003E334F /* Resources */ = {
			isa = PBXResourcesBuildPhase;
			buildActionMask = 2147483647;
			files = (
				3D304F7E2A8062CB008775DA /* Media.json in Resources */,
				3D304F712A8062CB008775DA /* VideoGames.json in Resources */,
				3D4C53702A4FD13F003E334F /* Preview Assets.xcassets in Resources */,
				3D304F752A8062CB008775DA /* Topps88CG.json in Resources */,
				3D4C536D2A4FD13F003E334F /* Assets.xcassets in Resources */,
			);
			runOnlyForDeploymentPostprocessing = 0;
		};
/* End PBXResourcesBuildPhase section */

/* Begin PBXSourcesBuildPhase section */
		3D4C53612A4FD13D003E334F /* Sources */ = {
			isa = PBXSourcesBuildPhase;
			buildActionMask = 2147483647;
			files = (
				3D304F722A8062CB008775DA /* Systems.swift in Sources */,
				3D304F842A8062CB008775DA /* ContentView.swift in Sources */,
				3D304F702A8062CB008775DA /* CardCollectionView.swift in Sources */,
				3D304F742A8062CB008775DA /* GamesList.swift in Sources */,
				3D304F802A8062CB008775DA /* MovieList.swift in Sources */,
				3D304F7F2A8062CB008775DA /* Media.swift in Sources */,
				3D304F822A8062CB008775DA /* ItemsList.swift in Sources */,
				3D304F7A2A8062CB008775DA /* CardListItem.swift in Sources */,
				3D304F7C2A8062CB008775DA /* CardsList.swift in Sources */,
				3D304F832A8062CB008775DA /* BundleDecoder.swift in Sources */,
				3D304F7D2A8062CB008775DA /* Book.swift in Sources */,
				3D304F732A8062CB008775DA /* ConsolesList.swift in Sources */,
				3D304F812A8062CB008775DA /* ListItem.swift in Sources */,
				3D4C53692A4FD13D003E334F /* Stash_HouseApp.swift in Sources */,
				3D304F762A8062CB008775DA /* Topps88CGCard.swift in Sources */,
			);
			runOnlyForDeploymentPostprocessing = 0;
		};
/* End PBXSourcesBuildPhase section */

/* Begin XCBuildConfiguration section */
		3D4C53712A4FD13F003E334F /* Debug */ = {
			isa = XCBuildConfiguration;
			buildSettings = {
				ALWAYS_SEARCH_USER_PATHS = NO;
				CLANG_ANALYZER_NONNULL = YES;
				CLANG_ANALYZER_NUMBER_OBJECT_CONVERSION = YES_AGGRESSIVE;
				CLANG_CXX_LANGUAGE_STANDARD = "gnu++20";
				CLANG_ENABLE_MODULES = YES;
				CLANG_ENABLE_OBJC_ARC = YES;
				CLANG_ENABLE_OBJC_WEAK = YES;
				CLANG_WARN_BLOCK_CAPTURE_AUTORELEASING = YES;
				CLANG_WARN_BOOL_CONVERSION = YES;
				CLANG_WARN_COMMA = YES;
				CLANG_WARN_CONSTANT_CONVERSION = YES;
				CLANG_WARN_DEPRECATED_OBJC_IMPLEMENTATIONS = YES;
				CLANG_WARN_DIRECT_OBJC_ISA_USAGE = YES_ERROR;
				CLANG_WARN_DOCUMENTATION_COMMENTS = YES;
				CLANG_WARN_EMPTY_BODY = YES;
				CLANG_WARN_ENUM_CONVERSION = YES;
				CLANG_WARN_INFINITE_RECURSION = YES;
				CLANG_WARN_INT_CONVERSION = YES;
				CLANG_WARN_NON_LITERAL_NULL_CONVERSION = YES;
				CLANG_WARN_OBJC_IMPLICIT_RETAIN_SELF = YES;
				CLANG_WARN_OBJC_LITERAL_CONVERSION = YES;
				CLANG_WARN_OBJC_ROOT_CLASS = YES_ERROR;
				CLANG_WARN_QUOTED_INCLUDE_IN_FRAMEWORK_HEADER = YES;
				CLANG_WARN_RANGE_LOOP_ANALYSIS = YES;
				CLANG_WARN_STRICT_PROTOTYPES = YES;
				CLANG_WARN_SUSPICIOUS_MOVE = YES;
				CLANG_WARN_UNGUARDED_AVAILABILITY = YES_AGGRESSIVE;
				CLANG_WARN_UNREACHABLE_CODE = YES;
				CLANG_WARN__DUPLICATE_METHOD_MATCH = YES;
				COPY_PHASE_STRIP = NO;
				DEBUG_INFORMATION_FORMAT = dwarf;
				ENABLE_STRICT_OBJC_MSGSEND = YES;
				ENABLE_TESTABILITY = YES;
				GCC_C_LANGUAGE_STANDARD = gnu11;
				GCC_DYNAMIC_NO_PIC = NO;
				GCC_NO_COMMON_BLOCKS = YES;
				GCC_OPTIMIZATION_LEVEL = 0;
				GCC_PREPROCESSOR_DEFINITIONS = (
					"DEBUG=1",
					"$(inherited)",
				);
				GCC_WARN_64_TO_32_BIT_CONVERSION = YES;
				GCC_WARN_ABOUT_RETURN_TYPE = YES_ERROR;
				GCC_WARN_UNDECLARED_SELECTOR = YES;
				GCC_WARN_UNINITIALIZED_AUTOS = YES_AGGRESSIVE;
				GCC_WARN_UNUSED_FUNCTION = YES;
				GCC_WARN_UNUSED_VARIABLE = YES;
				IPHONEOS_DEPLOYMENT_TARGET = 16.4;
				MTL_ENABLE_DEBUG_INFO = INCLUDE_SOURCE;
				MTL_FAST_MATH = YES;
				ONLY_ACTIVE_ARCH = YES;
				SDKROOT = iphoneos;
				SWIFT_ACTIVE_COMPILATION_CONDITIONS = DEBUG;
				SWIFT_OPTIMIZATION_LEVEL = "-Onone";
			};
			name = Debug;
		};
		3D4C53722A4FD13F003E334F /* Release */ = {
			isa = XCBuildConfiguration;
			buildSettings = {
				ALWAYS_SEARCH_USER_PATHS = NO;
				CLANG_ANALYZER_NONNULL = YES;
				CLANG_ANALYZER_NUMBER_OBJECT_CONVERSION = YES_AGGRESSIVE;
				CLANG_CXX_LANGUAGE_STANDARD = "gnu++20";
				CLANG_ENABLE_MODULES = YES;
				CLANG_ENABLE_OBJC_ARC = YES;
				CLANG_ENABLE_OBJC_WEAK = YES;
				CLANG_WARN_BLOCK_CAPTURE_AUTORELEASING = YES;
				CLANG_WARN_BOOL_CONVERSION = YES;
				CLANG_WARN_COMMA = YES;
				CLANG_WARN_CONSTANT_CONVERSION = YES;
				CLANG_WARN_DEPRECATED_OBJC_IMPLEMENTATIONS = YES;
				CLANG_WARN_DIRECT_OBJC_ISA_USAGE = YES_ERROR;
				CLANG_WARN_DOCUMENTATION_COMMENTS = YES;
				CLANG_WARN_EMPTY_BODY = YES;
				CLANG_WARN_ENUM_CONVERSION = YES;
				CLANG_WARN_INFINITE_RECURSION = YES;
				CLANG_WARN_INT_CONVERSION = YES;
				CLANG_WARN_NON_LITERAL_NULL_CONVERSION = YES;
				CLANG_WARN_OBJC_IMPLICIT_RETAIN_SELF = YES;
				CLANG_WARN_OBJC_LITERAL_CONVERSION = YES;
				CLANG_WARN_OBJC_ROOT_CLASS = YES_ERROR;
				CLANG_WARN_QUOTED_INCLUDE_IN_FRAMEWORK_HEADER = YES;
				CLANG_WARN_RANGE_LOOP_ANALYSIS = YES;
				CLANG_WARN_STRICT_PROTOTYPES = YES;
				CLANG_WARN_SUSPICIOUS_MOVE = YES;
				CLANG_WARN_UNGUARDED_AVAILABILITY = YES_AGGRESSIVE;
				CLANG_WARN_UNREACHABLE_CODE = YES;
				CLANG_WARN__DUPLICATE_METHOD_MATCH = YES;
				COPY_PHASE_STRIP = NO;
				DEBUG_INFORMATION_FORMAT = "dwarf-with-dsym";
				ENABLE_NS_ASSERTIONS = NO;
				ENABLE_STRICT_OBJC_MSGSEND = YES;
				GCC_C_LANGUAGE_STANDARD = gnu11;
				GCC_NO_COMMON_BLOCKS = YES;
				GCC_WARN_64_TO_32_BIT_CONVERSION = YES;
				GCC_WARN_ABOUT_RETURN_TYPE = YES_ERROR;
				GCC_WARN_UNDECLARED_SELECTOR = YES;
				GCC_WARN_UNINITIALIZED_AUTOS = YES_AGGRESSIVE;
				GCC_WARN_UNUSED_FUNCTION = YES;
				GCC_WARN_UNUSED_VARIABLE = YES;
				IPHONEOS_DEPLOYMENT_TARGET = 16.4;
				MTL_ENABLE_DEBUG_INFO = NO;
				MTL_FAST_MATH = YES;
				SDKROOT = iphoneos;
				SWIFT_COMPILATION_MODE = wholemodule;
				SWIFT_OPTIMIZATION_LEVEL = "-O";
				VALIDATE_PRODUCT = YES;
			};
			name = Release;
		};
		3D4C53742A4FD13F003E334F /* Debug */ = {
			isa = XCBuildConfiguration;
			buildSettings = {
				ASSETCATALOG_COMPILER_APPICON_NAME = AppIcon;
				ASSETCATALOG_COMPILER_GLOBAL_ACCENT_COLOR_NAME = AccentColor;
				CODE_SIGN_STYLE = Automatic;
				CURRENT_PROJECT_VERSION = 1;
				DEVELOPMENT_ASSET_PATHS = "";
				DEVELOPMENT_TEAM = 6CD78A686T;
				ENABLE_PREVIEWS = YES;
				GENERATE_INFOPLIST_FILE = YES;
				INFOPLIST_KEY_UIApplicationSceneManifest_Generation = YES;
				INFOPLIST_KEY_UIApplicationSupportsIndirectInputEvents = YES;
				INFOPLIST_KEY_UILaunchScreen_Generation = YES;
				INFOPLIST_KEY_UISupportedInterfaceOrientations_iPad = "UIInterfaceOrientationPortrait UIInterfaceOrientationPortraitUpsideDown UIInterfaceOrientationLandscapeLeft UIInterfaceOrientationLandscapeRight";
				INFOPLIST_KEY_UISupportedInterfaceOrientations_iPhone = "UIInterfaceOrientationPortrait UIInterfaceOrientationLandscapeLeft UIInterfaceOrientationLandscapeRight";
				LD_RUNPATH_SEARCH_PATHS = (
					"$(inherited)",
					"@executable_path/Frameworks",
				);
				MARKETING_VERSION = 1.0;
				PRODUCT_BUNDLE_IDENTIFIER = "Justin-Trubela.Stash-House";
				PRODUCT_NAME = "$(TARGET_NAME)";
				SWIFT_EMIT_LOC_STRINGS = YES;
				SWIFT_VERSION = 5.0;
				TARGETED_DEVICE_FAMILY = "1,2";
			};
			name = Debug;
		};
		3D4C53752A4FD13F003E334F /* Release */ = {
			isa = XCBuildConfiguration;
			buildSettings = {
				ASSETCATALOG_COMPILER_APPICON_NAME = AppIcon;
				ASSETCATALOG_COMPILER_GLOBAL_ACCENT_COLOR_NAME = AccentColor;
				CODE_SIGN_STYLE = Automatic;
				CURRENT_PROJECT_VERSION = 1;
				DEVELOPMENT_ASSET_PATHS = "";
				DEVELOPMENT_TEAM = 6CD78A686T;
				ENABLE_PREVIEWS = YES;
				GENERATE_INFOPLIST_FILE = YES;
				INFOPLIST_KEY_UIApplicationSceneManifest_Generation = YES;
				INFOPLIST_KEY_UIApplicationSupportsIndirectInputEvents = YES;
				INFOPLIST_KEY_UILaunchScreen_Generation = YES;
				INFOPLIST_KEY_UISupportedInterfaceOrientations_iPad = "UIInterfaceOrientationPortrait UIInterfaceOrientationPortraitUpsideDown UIInterfaceOrientationLandscapeLeft UIInterfaceOrientationLandscapeRight";
				INFOPLIST_KEY_UISupportedInterfaceOrientations_iPhone = "UIInterfaceOrientationPortrait UIInterfaceOrientationLandscapeLeft UIInterfaceOrientationLandscapeRight";
				LD_RUNPATH_SEARCH_PATHS = (
					"$(inherited)",
					"@executable_path/Frameworks",
				);
				MARKETING_VERSION = 1.0;
				PRODUCT_BUNDLE_IDENTIFIER = "Justin-Trubela.Stash-House";
				PRODUCT_NAME = "$(TARGET_NAME)";
				SWIFT_EMIT_LOC_STRINGS = YES;
				SWIFT_VERSION = 5.0;
				TARGETED_DEVICE_FAMILY = "1,2";
			};
			name = Release;
		};
/* End XCBuildConfiguration section */

/* Begin XCConfigurationList section */
		3D4C53602A4FD13D003E334F /* Build configuration list for PBXProject "Stash House" */ = {
			isa = XCConfigurationList;
			buildConfigurations = (
				3D4C53712A4FD13F003E334F /* Debug */,
				3D4C53722A4FD13F003E334F /* Release */,
			);
			defaultConfigurationIsVisible = 0;
			defaultConfigurationName = Release;
		};
		3D4C53732A4FD13F003E334F /* Build configuration list for PBXNativeTarget "Stash House" */ = {
			isa = XCConfigurationList;
			buildConfigurations = (
				3D4C53742A4FD13F003E334F /* Debug */,
				3D4C53752A4FD13F003E334F /* Release */,
			);
			defaultConfigurationIsVisible = 0;
			defaultConfigurationName = Release;
		};
/* End XCConfigurationList section */
	};
	rootObject = 3D4C535D2A4FD13D003E334F /* Project object */;
}
