// !$*UTF8*$!
{
	archiveVersion = 1;
	classes = {
	};
	objectVersion = 55;
	objects = {

/* Begin PBXBuildFile section */
		3DBA5D302A7FB38600F7A651 /* Player.swift in Sources */ = {isa = PBXBuildFile; fileRef = 3DBA5D0B2A7FB38600F7A651 /* Player.swift */; };
		3DBA5D312A7FB38600F7A651 /* GameModel.swift in Sources */ = {isa = PBXBuildFile; fileRef = 3DBA5D0C2A7FB38600F7A651 /* GameModel.swift */; };
		3DBA5D322A7FB38600F7A651 /* ViewStyling.swift in Sources */ = {isa = PBXBuildFile; fileRef = 3DBA5D0E2A7FB38600F7A651 /* ViewStyling.swift */; };
		3DBA5D332A7FB38600F7A651 /* Assets.xcassets in Resources */ = {isa = PBXBuildFile; fileRef = 3DBA5D0F2A7FB38600F7A651 /* Assets.xcassets */; };
		3DBA5D342A7FB38600F7A651 /* Preview Assets.xcassets in Resources */ = {isa = PBXBuildFile; fileRef = 3DBA5D112A7FB38600F7A651 /* Preview Assets.xcassets */; };
		3DBA5D352A7FB38600F7A651 /* iPlayDarts2.0.swift in Sources */ = {isa = PBXBuildFile; fileRef = 3DBA5D122A7FB38600F7A651 /* iPlayDarts2.0.swift */; };
		3DBA5D3B2A7FB38600F7A651 /* ForgotPassword.swift in Sources */ = {isa = PBXBuildFile; fileRef = 3DBA5D1B2A7FB38600F7A651 /* ForgotPassword.swift */; };
		3DBA5D3C2A7FB38600F7A651 /* RegistrationView.swift in Sources */ = {isa = PBXBuildFile; fileRef = 3DBA5D1C2A7FB38600F7A651 /* RegistrationView.swift */; };
		3DBA5D3D2A7FB38600F7A651 /* LandingPageView.swift in Sources */ = {isa = PBXBuildFile; fileRef = 3DBA5D1E2A7FB38600F7A651 /* LandingPageView.swift */; };
		3DBA5D3E2A7FB38600F7A651 /* PlayCricketView.swift in Sources */ = {isa = PBXBuildFile; fileRef = 3DBA5D212A7FB38600F7A651 /* PlayCricketView.swift */; };
		3DBA5D3F2A7FB38600F7A651 /* Play501View.swift in Sources */ = {isa = PBXBuildFile; fileRef = 3DBA5D232A7FB38600F7A651 /* Play501View.swift */; };
		3DBA5D402A7FB38600F7A651 /* Play01Model.swift in Sources */ = {isa = PBXBuildFile; fileRef = 3DBA5D242A7FB38600F7A651 /* Play01Model.swift */; };
		3DBA5D412A7FB38600F7A651 /* PracticeView.swift in Sources */ = {isa = PBXBuildFile; fileRef = 3DBA5D262A7FB38600F7A651 /* PracticeView.swift */; };
		3DBA5D422A7FB38600F7A651 /* HitOutScreenView.swift in Sources */ = {isa = PBXBuildFile; fileRef = 3DBA5D272A7FB38600F7A651 /* HitOutScreenView.swift */; };
		3DBA5D432A7FB38600F7A651 /* MissedOutScreenView.swift in Sources */ = {isa = PBXBuildFile; fileRef = 3DBA5D282A7FB38600F7A651 /* MissedOutScreenView.swift */; };
		3DBA5D442A7FB38600F7A651 /* WhatsMyOutView.swift in Sources */ = {isa = PBXBuildFile; fileRef = 3DBA5D292A7FB38600F7A651 /* WhatsMyOutView.swift */; };
		3DBA5D452A7FB38600F7A651 /* LoginViewModel.swift in Sources */ = {isa = PBXBuildFile; fileRef = 3DBA5D2B2A7FB38600F7A651 /* LoginViewModel.swift */; };
		3DBA5D462A7FB38600F7A651 /* LoginMenuView.swift in Sources */ = {isa = PBXBuildFile; fileRef = 3DBA5D2C2A7FB38600F7A651 /* LoginMenuView.swift */; };
		3DBA5D472A7FB38600F7A651 /* StatsScreenView.swift in Sources */ = {isa = PBXBuildFile; fileRef = 3DBA5D2E2A7FB38600F7A651 /* StatsScreenView.swift */; };
		3DBA5D482A7FB38600F7A651 /* ContentView2.swift in Sources */ = {isa = PBXBuildFile; fileRef = 3DBA5D2F2A7FB38600F7A651 /* ContentView2.swift */; };
		3DFABD792A7FB646004DF032 /* iPlayDarts1.0.swift in Sources */ = {isa = PBXBuildFile; fileRef = 3DFABD662A7FB645004DF032 /* iPlayDarts1.0.swift */; };
		3DFABD7A2A7FB646004DF032 /* Preview Assets.xcassets in Resources */ = {isa = PBXBuildFile; fileRef = 3DFABD682A7FB645004DF032 /* Preview Assets.xcassets */; };
		3DFABD7B2A7FB646004DF032 /* Checkout.swift in Sources */ = {isa = PBXBuildFile; fileRef = 3DFABD6B2A7FB645004DF032 /* Checkout.swift */; };
		3DFABD7C2A7FB646004DF032 /* CheckoutOption1.json in Resources */ = {isa = PBXBuildFile; fileRef = 3DFABD6F2A7FB645004DF032 /* CheckoutOption1.json */; };
		3DFABD7D2A7FB646004DF032 /* CheckoutOptionOne.json in Resources */ = {isa = PBXBuildFile; fileRef = 3DFABD712A7FB645004DF032 /* CheckoutOptionOne.json */; };
		3DFABD7E2A7FB646004DF032 /* CheckoutOptionThree.json in Resources */ = {isa = PBXBuildFile; fileRef = 3DFABD722A7FB645004DF032 /* CheckoutOptionThree.json */; };
		3DFABD7F2A7FB646004DF032 /* CheckoutOptionTwo.json in Resources */ = {isa = PBXBuildFile; fileRef = 3DFABD732A7FB645004DF032 /* CheckoutOptionTwo.json */; };
		3DFABD802A7FB646004DF032 /* CheckoutOption3.json in Resources */ = {isa = PBXBuildFile; fileRef = 3DFABD742A7FB645004DF032 /* CheckoutOption3.json */; };
		3DFABD812A7FB646004DF032 /* CheckoutOption2.json in Resources */ = {isa = PBXBuildFile; fileRef = 3DFABD752A7FB645004DF032 /* CheckoutOption2.json */; };
		3DFABD832A7FB646004DF032 /* ContentView1.swift in Sources */ = {isa = PBXBuildFile; fileRef = 3DFABD782A7FB645004DF032 /* ContentView1.swift */; };
		3DFABD862A7FBA85004DF032 /* Bundle-Decodable.swift in Sources */ = {isa = PBXBuildFile; fileRef = 3DFABD852A7FBA85004DF032 /* Bundle-Decodable.swift */; };
/* End PBXBuildFile section */

/* Begin PBXFileReference section */
		3DBA5D0B2A7FB38600F7A651 /* Player.swift */ = {isa = PBXFileReference; fileEncoding = 4; lastKnownFileType = sourcecode.swift; path = Player.swift; sourceTree = "<group>"; };
		3DBA5D0C2A7FB38600F7A651 /* GameModel.swift */ = {isa = PBXFileReference; fileEncoding = 4; lastKnownFileType = sourcecode.swift; path = GameModel.swift; sourceTree = "<group>"; };
		3DBA5D0E2A7FB38600F7A651 /* ViewStyling.swift */ = {isa = PBXFileReference; fileEncoding = 4; lastKnownFileType = sourcecode.swift; path = ViewStyling.swift; sourceTree = "<group>"; };
		3DBA5D0F2A7FB38600F7A651 /* Assets.xcassets */ = {isa = PBXFileReference; lastKnownFileType = folder.assetcatalog; path = Assets.xcassets; sourceTree = "<group>"; };
		3DBA5D112A7FB38600F7A651 /* Preview Assets.xcassets */ = {isa = PBXFileReference; lastKnownFileType = folder.assetcatalog; path = "Preview Assets.xcassets"; sourceTree = "<group>"; };
		3DBA5D122A7FB38600F7A651 /* iPlayDarts2.0.swift */ = {isa = PBXFileReference; fileEncoding = 4; lastKnownFileType = sourcecode.swift; path = iPlayDarts2.0.swift; sourceTree = "<group>"; };
		3DBA5D1B2A7FB38600F7A651 /* ForgotPassword.swift */ = {isa = PBXFileReference; fileEncoding = 4; lastKnownFileType = sourcecode.swift; path = ForgotPassword.swift; sourceTree = "<group>"; };
		3DBA5D1C2A7FB38600F7A651 /* RegistrationView.swift */ = {isa = PBXFileReference; fileEncoding = 4; lastKnownFileType = sourcecode.swift; path = RegistrationView.swift; sourceTree = "<group>"; };
		3DBA5D1E2A7FB38600F7A651 /* LandingPageView.swift */ = {isa = PBXFileReference; fileEncoding = 4; lastKnownFileType = sourcecode.swift; path = LandingPageView.swift; sourceTree = "<group>"; };
		3DBA5D212A7FB38600F7A651 /* PlayCricketView.swift */ = {isa = PBXFileReference; fileEncoding = 4; lastKnownFileType = sourcecode.swift; path = PlayCricketView.swift; sourceTree = "<group>"; };
		3DBA5D232A7FB38600F7A651 /* Play501View.swift */ = {isa = PBXFileReference; fileEncoding = 4; lastKnownFileType = sourcecode.swift; path = Play501View.swift; sourceTree = "<group>"; };
		3DBA5D242A7FB38600F7A651 /* Play01Model.swift */ = {isa = PBXFileReference; fileEncoding = 4; lastKnownFileType = sourcecode.swift; path = Play01Model.swift; sourceTree = "<group>"; };
		3DBA5D262A7FB38600F7A651 /* PracticeView.swift */ = {isa = PBXFileReference; fileEncoding = 4; lastKnownFileType = sourcecode.swift; path = PracticeView.swift; sourceTree = "<group>"; };
		3DBA5D272A7FB38600F7A651 /* HitOutScreenView.swift */ = {isa = PBXFileReference; fileEncoding = 4; lastKnownFileType = sourcecode.swift; path = HitOutScreenView.swift; sourceTree = "<group>"; };
		3DBA5D282A7FB38600F7A651 /* MissedOutScreenView.swift */ = {isa = PBXFileReference; fileEncoding = 4; lastKnownFileType = sourcecode.swift; path = MissedOutScreenView.swift; sourceTree = "<group>"; };
		3DBA5D292A7FB38600F7A651 /* WhatsMyOutView.swift */ = {isa = PBXFileReference; fileEncoding = 4; lastKnownFileType = sourcecode.swift; path = WhatsMyOutView.swift; sourceTree = "<group>"; };
		3DBA5D2B2A7FB38600F7A651 /* LoginViewModel.swift */ = {isa = PBXFileReference; fileEncoding = 4; lastKnownFileType = sourcecode.swift; path = LoginViewModel.swift; sourceTree = "<group>"; };
		3DBA5D2C2A7FB38600F7A651 /* LoginMenuView.swift */ = {isa = PBXFileReference; fileEncoding = 4; lastKnownFileType = sourcecode.swift; path = LoginMenuView.swift; sourceTree = "<group>"; };
		3DBA5D2E2A7FB38600F7A651 /* StatsScreenView.swift */ = {isa = PBXFileReference; fileEncoding = 4; lastKnownFileType = sourcecode.swift; path = StatsScreenView.swift; sourceTree = "<group>"; };
		3DBA5D2F2A7FB38600F7A651 /* ContentView2.swift */ = {isa = PBXFileReference; fileEncoding = 4; lastKnownFileType = sourcecode.swift; path = ContentView2.swift; sourceTree = "<group>"; };
		3DF8C433276ED2D1006582E7 /* iPlayDarts.app */ = {isa = PBXFileReference; explicitFileType = wrapper.application; includeInIndex = 0; path = iPlayDarts.app; sourceTree = BUILT_PRODUCTS_DIR; };
		3DFABD662A7FB645004DF032 /* iPlayDarts1.0.swift */ = {isa = PBXFileReference; fileEncoding = 4; lastKnownFileType = sourcecode.swift; path = iPlayDarts1.0.swift; sourceTree = "<group>"; };
		3DFABD682A7FB645004DF032 /* Preview Assets.xcassets */ = {isa = PBXFileReference; lastKnownFileType = folder.assetcatalog; path = "Preview Assets.xcassets"; sourceTree = "<group>"; };
		3DFABD6B2A7FB645004DF032 /* Checkout.swift */ = {isa = PBXFileReference; fileEncoding = 4; lastKnownFileType = sourcecode.swift; path = Checkout.swift; sourceTree = "<group>"; };
		3DFABD6F2A7FB645004DF032 /* CheckoutOption1.json */ = {isa = PBXFileReference; fileEncoding = 4; lastKnownFileType = text.json; path = CheckoutOption1.json; sourceTree = "<group>"; };
		3DFABD712A7FB645004DF032 /* CheckoutOptionOne.json */ = {isa = PBXFileReference; fileEncoding = 4; lastKnownFileType = text.json; path = CheckoutOptionOne.json; sourceTree = "<group>"; };
		3DFABD722A7FB645004DF032 /* CheckoutOptionThree.json */ = {isa = PBXFileReference; fileEncoding = 4; lastKnownFileType = text.json; path = CheckoutOptionThree.json; sourceTree = "<group>"; };
		3DFABD732A7FB645004DF032 /* CheckoutOptionTwo.json */ = {isa = PBXFileReference; fileEncoding = 4; lastKnownFileType = text.json; path = CheckoutOptionTwo.json; sourceTree = "<group>"; };
		3DFABD742A7FB645004DF032 /* CheckoutOption3.json */ = {isa = PBXFileReference; fileEncoding = 4; lastKnownFileType = text.json; path = CheckoutOption3.json; sourceTree = "<group>"; };
		3DFABD752A7FB645004DF032 /* CheckoutOption2.json */ = {isa = PBXFileReference; fileEncoding = 4; lastKnownFileType = text.json; path = CheckoutOption2.json; sourceTree = "<group>"; };
		3DFABD782A7FB645004DF032 /* ContentView1.swift */ = {isa = PBXFileReference; fileEncoding = 4; lastKnownFileType = sourcecode.swift; path = ContentView1.swift; sourceTree = "<group>"; };
		3DFABD852A7FBA85004DF032 /* Bundle-Decodable.swift */ = {isa = PBXFileReference; fileEncoding = 4; lastKnownFileType = sourcecode.swift; path = "Bundle-Decodable.swift"; sourceTree = "<group>"; };
/* End PBXFileReference section */

/* Begin PBXFrameworksBuildPhase section */
		3DF8C430276ED2D1006582E7 /* Frameworks */ = {
			isa = PBXFrameworksBuildPhase;
			buildActionMask = 2147483647;
			files = (
			);
			runOnlyForDeploymentPostprocessing = 0;
		};
/* End PBXFrameworksBuildPhase section */

/* Begin PBXGroup section */
		3DBA5D082A7FB38600F7A651 /* iPlayDarts2.0 */ = {
			isa = PBXGroup;
			children = (
				3DBA5D092A7FB38600F7A651 /* iPlayDarts2.0 */,
			);
			path = iPlayDarts2.0;
			sourceTree = "<group>";
		};
		3DBA5D092A7FB38600F7A651 /* iPlayDarts2.0 */ = {
			isa = PBXGroup;
			children = (
				3DBA5D0A2A7FB38600F7A651 /* View Models */,
				3DBA5D192A7FB38600F7A651 /* Views */,
				3DBA5D102A7FB38600F7A651 /* Preview Content */,
				3DBA5D122A7FB38600F7A651 /* iPlayDarts2.0.swift */,
			);
			name = iPlayDarts2.0;
			path = /Users/justintrubela/Projects/PersonalProjects_SwiftUI/DartsCheckoutsGame/iPlayDarts/iPlayDarts2.0/iPlayDarts2.0/iPlayDarts2.0;
			sourceTree = "<absolute>";
		};
		3DBA5D0A2A7FB38600F7A651 /* View Models */ = {
			isa = PBXGroup;
			children = (
				3DBA5D0B2A7FB38600F7A651 /* Player.swift */,
				3DBA5D0C2A7FB38600F7A651 /* GameModel.swift */,
			);
			path = "View Models";
			sourceTree = "<group>";
		};
		3DBA5D0D2A7FB38600F7A651 /* ViewStyling */ = {
			isa = PBXGroup;
			children = (
				3DBA5D0E2A7FB38600F7A651 /* ViewStyling.swift */,
			);
			path = ViewStyling;
			sourceTree = "<group>";
		};
		3DBA5D102A7FB38600F7A651 /* Preview Content */ = {
			isa = PBXGroup;
			children = (
				3DBA5D112A7FB38600F7A651 /* Preview Assets.xcassets */,
			);
			path = "Preview Content";
			sourceTree = "<group>";
		};
		3DBA5D192A7FB38600F7A651 /* Views */ = {
			isa = PBXGroup;
			children = (
				3DBA5D2F2A7FB38600F7A651 /* ContentView2.swift */,
				3DBA5D1A2A7FB38600F7A651 /* Register */,
				3DBA5D1D2A7FB38600F7A651 /* LandingPage */,
				3DBA5D1F2A7FB38600F7A651 /* Games */,
				3DBA5D2A2A7FB38600F7A651 /* Login */,
				3DBA5D2D2A7FB38600F7A651 /* Stats */,
			);
			path = Views;
			sourceTree = "<group>";
		};
		3DBA5D1A2A7FB38600F7A651 /* Register */ = {
			isa = PBXGroup;
			children = (
				3DBA5D1B2A7FB38600F7A651 /* ForgotPassword.swift */,
				3DBA5D1C2A7FB38600F7A651 /* RegistrationView.swift */,
			);
			path = Register;
			sourceTree = "<group>";
		};
		3DBA5D1D2A7FB38600F7A651 /* LandingPage */ = {
			isa = PBXGroup;
			children = (
				3DBA5D1E2A7FB38600F7A651 /* LandingPageView.swift */,
			);
			path = LandingPage;
			sourceTree = "<group>";
		};
		3DBA5D1F2A7FB38600F7A651 /* Games */ = {
			isa = PBXGroup;
			children = (
				3DBA5D202A7FB38600F7A651 /* Cricket */,
				3DBA5D222A7FB38600F7A651 /* 501 */,
				3DBA5D252A7FB38600F7A651 /* Practice */,
			);
			path = Games;
			sourceTree = "<group>";
		};
		3DBA5D202A7FB38600F7A651 /* Cricket */ = {
			isa = PBXGroup;
			children = (
				3DBA5D212A7FB38600F7A651 /* PlayCricketView.swift */,
			);
			path = Cricket;
			sourceTree = "<group>";
		};
		3DBA5D222A7FB38600F7A651 /* 501 */ = {
			isa = PBXGroup;
			children = (
				3DBA5D232A7FB38600F7A651 /* Play501View.swift */,
				3DBA5D242A7FB38600F7A651 /* Play01Model.swift */,
			);
			path = 501;
			sourceTree = "<group>";
		};
		3DBA5D252A7FB38600F7A651 /* Practice */ = {
			isa = PBXGroup;
			children = (
				3DBA5D262A7FB38600F7A651 /* PracticeView.swift */,
				3DBA5D272A7FB38600F7A651 /* HitOutScreenView.swift */,
				3DBA5D282A7FB38600F7A651 /* MissedOutScreenView.swift */,
				3DBA5D292A7FB38600F7A651 /* WhatsMyOutView.swift */,
			);
			path = Practice;
			sourceTree = "<group>";
		};
		3DBA5D2A2A7FB38600F7A651 /* Login */ = {
			isa = PBXGroup;
			children = (
				3DBA5D2B2A7FB38600F7A651 /* LoginViewModel.swift */,
				3DBA5D2C2A7FB38600F7A651 /* LoginMenuView.swift */,
			);
			path = Login;
			sourceTree = "<group>";
		};
		3DBA5D2D2A7FB38600F7A651 /* Stats */ = {
			isa = PBXGroup;
			children = (
				3DBA5D2E2A7FB38600F7A651 /* StatsScreenView.swift */,
			);
			path = Stats;
			sourceTree = "<group>";
		};
		3DF8C42A276ED2D1006582E7 = {
			isa = PBXGroup;
			children = (
				3DFABD652A7FB645004DF032 /* iPlayDarts1.0 */,
				3DBA5D082A7FB38600F7A651 /* iPlayDarts2.0 */,
				3DBA5D0F2A7FB38600F7A651 /* Assets.xcassets */,
				3DBA5D0D2A7FB38600F7A651 /* ViewStyling */,
				3DFABD6C2A7FB645004DF032 /* JSON Decoder */,
				3DF8C434276ED2D1006582E7 /* Products */,
			);
			sourceTree = "<group>";
		};
		3DF8C434276ED2D1006582E7 /* Products */ = {
			isa = PBXGroup;
			children = (
				3DF8C433276ED2D1006582E7 /* iPlayDarts.app */,
			);
			name = Products;
			sourceTree = "<group>";
		};
		3DFABD652A7FB645004DF032 /* iPlayDarts1.0 */ = {
			isa = PBXGroup;
			children = (
				3DFABD692A7FB645004DF032 /* iPlayDarts1.0 */,
				3DFABD662A7FB645004DF032 /* iPlayDarts1.0.swift */,
			);
			name = iPlayDarts1.0;
			path = ../../CheckOUTS/iPlayDarts1.0;
			sourceTree = "<group>";
		};
		3DFABD672A7FB645004DF032 /* Preview Content */ = {
			isa = PBXGroup;
			children = (
				3DFABD682A7FB645004DF032 /* Preview Assets.xcassets */,
			);
			path = "Preview Content";
			sourceTree = "<group>";
		};
		3DFABD692A7FB645004DF032 /* iPlayDarts1.0 */ = {
			isa = PBXGroup;
			children = (
				3DFABD6A2A7FB645004DF032 /* ViewModels */,
				3DFABD772A7FB645004DF032 /* Views */,
				3DFABD672A7FB645004DF032 /* Preview Content */,
			);
			path = iPlayDarts1.0;
			sourceTree = "<group>";
		};
		3DFABD6A2A7FB645004DF032 /* ViewModels */ = {
			isa = PBXGroup;
			children = (
			);
			path = ViewModels;
			sourceTree = "<group>";
		};
		3DFABD6C2A7FB645004DF032 /* JSON Decoder */ = {
			isa = PBXGroup;
			children = (
				3DFABD6D2A7FB645004DF032 /* CheckoutJSON */,
				3DFABD842A7FB928004DF032 /* ViewModels */,
			);
			path = "JSON Decoder";
			sourceTree = "<group>";
		};
		3DFABD6D2A7FB645004DF032 /* CheckoutJSON */ = {
			isa = PBXGroup;
			children = (
				3DFABD852A7FBA85004DF032 /* Bundle-Decodable.swift */,
				3DFABD6E2A7FB645004DF032 /* Options */,
			);
			path = CheckoutJSON;
			sourceTree = "<group>";
		};
		3DFABD6E2A7FB645004DF032 /* Options */ = {
			isa = PBXGroup;
			children = (
				3DFABD6F2A7FB645004DF032 /* CheckoutOption1.json */,
				3DFABD742A7FB645004DF032 /* CheckoutOption3.json */,
				3DFABD752A7FB645004DF032 /* CheckoutOption2.json */,
				3DFABD702A7FB645004DF032 /* Other Options */,
			);
			path = Options;
			sourceTree = "<group>";
		};
		3DFABD702A7FB645004DF032 /* Other Options */ = {
			isa = PBXGroup;
			children = (
				3DFABD712A7FB645004DF032 /* CheckoutOptionOne.json */,
				3DFABD722A7FB645004DF032 /* CheckoutOptionThree.json */,
				3DFABD732A7FB645004DF032 /* CheckoutOptionTwo.json */,
			);
			path = "Other Options";
			sourceTree = "<group>";
		};
		3DFABD772A7FB645004DF032 /* Views */ = {
			isa = PBXGroup;
			children = (
				3DFABD782A7FB645004DF032 /* ContentView1.swift */,
			);
			path = Views;
			sourceTree = "<group>";
		};
		3DFABD842A7FB928004DF032 /* ViewModels */ = {
			isa = PBXGroup;
			children = (
				3DFABD6B2A7FB645004DF032 /* Checkout.swift */,
			);
			path = ViewModels;
			sourceTree = "<group>";
		};
/* End PBXGroup section */

/* Begin PBXNativeTarget section */
		3DF8C432276ED2D1006582E7 /* iPlayDarts */ = {
			isa = PBXNativeTarget;
			buildConfigurationList = 3DF8C441276ED2D3006582E7 /* Build configuration list for PBXNativeTarget "iPlayDarts" */;
			buildPhases = (
				3DF8C42F276ED2D1006582E7 /* Sources */,
				3DF8C430276ED2D1006582E7 /* Frameworks */,
				3DF8C431276ED2D1006582E7 /* Resources */,
			);
			buildRules = (
			);
			dependencies = (
			);
			name = iPlayDarts;
			productName = CheckOUTS;
			productReference = 3DF8C433276ED2D1006582E7 /* iPlayDarts.app */;
			productType = "com.apple.product-type.application";
		};
/* End PBXNativeTarget section */

/* Begin PBXProject section */
		3DF8C42B276ED2D1006582E7 /* Project object */ = {
			isa = PBXProject;
			attributes = {
				BuildIndependentTargetsInParallel = 1;
				LastSwiftUpdateCheck = 1310;
				LastUpgradeCheck = 1310;
				TargetAttributes = {
					3DF8C432276ED2D1006582E7 = {
						CreatedOnToolsVersion = 13.1;
					};
				};
			};
			buildConfigurationList = 3DF8C42E276ED2D1006582E7 /* Build configuration list for PBXProject "iPlayDarts" */;
			compatibilityVersion = "Xcode 13.0";
			developmentRegion = en;
			hasScannedForEncodings = 0;
			knownRegions = (
				en,
				Base,
			);
			mainGroup = 3DF8C42A276ED2D1006582E7;
			productRefGroup = 3DF8C434276ED2D1006582E7 /* Products */;
			projectDirPath = "";
			projectRoot = "";
			targets = (
				3DF8C432276ED2D1006582E7 /* iPlayDarts */,
			);
		};
/* End PBXProject section */

/* Begin PBXResourcesBuildPhase section */
		3DF8C431276ED2D1006582E7 /* Resources */ = {
			isa = PBXResourcesBuildPhase;
			buildActionMask = 2147483647;
			files = (
				3DFABD7F2A7FB646004DF032 /* CheckoutOptionTwo.json in Resources */,
				3DFABD7C2A7FB646004DF032 /* CheckoutOption1.json in Resources */,
				3DBA5D342A7FB38600F7A651 /* Preview Assets.xcassets in Resources */,
				3DFABD7A2A7FB646004DF032 /* Preview Assets.xcassets in Resources */,
				3DFABD7E2A7FB646004DF032 /* CheckoutOptionThree.json in Resources */,
				3DBA5D332A7FB38600F7A651 /* Assets.xcassets in Resources */,
				3DFABD812A7FB646004DF032 /* CheckoutOption2.json in Resources */,
				3DFABD7D2A7FB646004DF032 /* CheckoutOptionOne.json in Resources */,
				3DFABD802A7FB646004DF032 /* CheckoutOption3.json in Resources */,
			);
			runOnlyForDeploymentPostprocessing = 0;
		};
/* End PBXResourcesBuildPhase section */

/* Begin PBXSourcesBuildPhase section */
		3DF8C42F276ED2D1006582E7 /* Sources */ = {
			isa = PBXSourcesBuildPhase;
			buildActionMask = 2147483647;
			files = (
				3DFABD792A7FB646004DF032 /* iPlayDarts1.0.swift in Sources */,
				3DFABD832A7FB646004DF032 /* ContentView1.swift in Sources */,
				3DBA5D462A7FB38600F7A651 /* LoginMenuView.swift in Sources */,
				3DBA5D402A7FB38600F7A651 /* Play01Model.swift in Sources */,
				3DBA5D432A7FB38600F7A651 /* MissedOutScreenView.swift in Sources */,
				3DBA5D452A7FB38600F7A651 /* LoginViewModel.swift in Sources */,
				3DBA5D352A7FB38600F7A651 /* iPlayDarts2.0.swift in Sources */,
				3DBA5D312A7FB38600F7A651 /* GameModel.swift in Sources */,
				3DBA5D442A7FB38600F7A651 /* WhatsMyOutView.swift in Sources */,
				3DBA5D302A7FB38600F7A651 /* Player.swift in Sources */,
				3DBA5D3C2A7FB38600F7A651 /* RegistrationView.swift in Sources */,
				3DBA5D3F2A7FB38600F7A651 /* Play501View.swift in Sources */,
				3DBA5D482A7FB38600F7A651 /* ContentView2.swift in Sources */,
				3DBA5D412A7FB38600F7A651 /* PracticeView.swift in Sources */,
				3DBA5D422A7FB38600F7A651 /* HitOutScreenView.swift in Sources */,
				3DBA5D322A7FB38600F7A651 /* ViewStyling.swift in Sources */,
				3DBA5D472A7FB38600F7A651 /* StatsScreenView.swift in Sources */,
				3DFABD862A7FBA85004DF032 /* Bundle-Decodable.swift in Sources */,
				3DBA5D3B2A7FB38600F7A651 /* ForgotPassword.swift in Sources */,
				3DBA5D3D2A7FB38600F7A651 /* LandingPageView.swift in Sources */,
				3DBA5D3E2A7FB38600F7A651 /* PlayCricketView.swift in Sources */,
				3DFABD7B2A7FB646004DF032 /* Checkout.swift in Sources */,
			);
			runOnlyForDeploymentPostprocessing = 0;
		};
/* End PBXSourcesBuildPhase section */

/* Begin XCBuildConfiguration section */
		3DF8C43F276ED2D3006582E7 /* Debug */ = {
			isa = XCBuildConfiguration;
			buildSettings = {
				ALWAYS_SEARCH_USER_PATHS = NO;
				CLANG_ANALYZER_NONNULL = YES;
				CLANG_ANALYZER_NUMBER_OBJECT_CONVERSION = YES_AGGRESSIVE;
				CLANG_CXX_LANGUAGE_STANDARD = "gnu++17";
				CLANG_CXX_LIBRARY = "libc++";
				CLANG_ENABLE_MODULES = YES;
				CLANG_ENABLE_OBJC_ARC = YES;
				CLANG_ENABLE_OBJC_WEAK = YES;
				CLANG_WARN_BLOCK_CAPTURE_AUTORELEASING = YES;
				CLANG_WARN_BOOL_CONVERSION = YES;
				CLANG_WARN_COMMA = YES;
				CLANG_WARN_CONSTANT_CONVERSION = YES;
				CLANG_WARN_DEPRECATED_OBJC_IMPLEMENTATIONS = YES;
				CLANG_WARN_DIRECT_OBJC_ISA_USAGE = YES_ERROR;
				CLANG_WARN_DOCUMENTATION_COMMENTS = YES;
				CLANG_WARN_EMPTY_BODY = YES;
				CLANG_WARN_ENUM_CONVERSION = YES;
				CLANG_WARN_INFINITE_RECURSION = YES;
				CLANG_WARN_INT_CONVERSION = YES;
				CLANG_WARN_NON_LITERAL_NULL_CONVERSION = YES;
				CLANG_WARN_OBJC_IMPLICIT_RETAIN_SELF = YES;
				CLANG_WARN_OBJC_LITERAL_CONVERSION = YES;
				CLANG_WARN_OBJC_ROOT_CLASS = YES_ERROR;
				CLANG_WARN_QUOTED_INCLUDE_IN_FRAMEWORK_HEADER = YES;
				CLANG_WARN_RANGE_LOOP_ANALYSIS = YES;
				CLANG_WARN_STRICT_PROTOTYPES = YES;
				CLANG_WARN_SUSPICIOUS_MOVE = YES;
				CLANG_WARN_UNGUARDED_AVAILABILITY = YES_AGGRESSIVE;
				CLANG_WARN_UNREACHABLE_CODE = YES;
				CLANG_WARN__DUPLICATE_METHOD_MATCH = YES;
				COPY_PHASE_STRIP = NO;
				DEBUG_INFORMATION_FORMAT = dwarf;
				ENABLE_STRICT_OBJC_MSGSEND = YES;
				ENABLE_TESTABILITY = YES;
				GCC_C_LANGUAGE_STANDARD = gnu11;
				GCC_DYNAMIC_NO_PIC = NO;
				GCC_NO_COMMON_BLOCKS = YES;
				GCC_OPTIMIZATION_LEVEL = 0;
				GCC_PREPROCESSOR_DEFINITIONS = (
					"DEBUG=1",
					"$(inherited)",
				);
				GCC_WARN_64_TO_32_BIT_CONVERSION = YES;
				GCC_WARN_ABOUT_RETURN_TYPE = YES_ERROR;
				GCC_WARN_UNDECLARED_SELECTOR = YES;
				GCC_WARN_UNINITIALIZED_AUTOS = YES_AGGRESSIVE;
				GCC_WARN_UNUSED_FUNCTION = YES;
				GCC_WARN_UNUSED_VARIABLE = YES;
				IPHONEOS_DEPLOYMENT_TARGET = 15.0;
				MTL_ENABLE_DEBUG_INFO = INCLUDE_SOURCE;
				MTL_FAST_MATH = YES;
				ONLY_ACTIVE_ARCH = YES;
				SDKROOT = iphoneos;
				SWIFT_ACTIVE_COMPILATION_CONDITIONS = DEBUG;
				SWIFT_OPTIMIZATION_LEVEL = "-Onone";
			};
			name = Debug;
		};
		3DF8C440276ED2D3006582E7 /* Release */ = {
			isa = XCBuildConfiguration;
			buildSettings = {
				ALWAYS_SEARCH_USER_PATHS = NO;
				CLANG_ANALYZER_NONNULL = YES;
				CLANG_ANALYZER_NUMBER_OBJECT_CONVERSION = YES_AGGRESSIVE;
				CLANG_CXX_LANGUAGE_STANDARD = "gnu++17";
				CLANG_CXX_LIBRARY = "libc++";
				CLANG_ENABLE_MODULES = YES;
				CLANG_ENABLE_OBJC_ARC = YES;
				CLANG_ENABLE_OBJC_WEAK = YES;
				CLANG_WARN_BLOCK_CAPTURE_AUTORELEASING = YES;
				CLANG_WARN_BOOL_CONVERSION = YES;
				CLANG_WARN_COMMA = YES;
				CLANG_WARN_CONSTANT_CONVERSION = YES;
				CLANG_WARN_DEPRECATED_OBJC_IMPLEMENTATIONS = YES;
				CLANG_WARN_DIRECT_OBJC_ISA_USAGE = YES_ERROR;
				CLANG_WARN_DOCUMENTATION_COMMENTS = YES;
				CLANG_WARN_EMPTY_BODY = YES;
				CLANG_WARN_ENUM_CONVERSION = YES;
				CLANG_WARN_INFINITE_RECURSION = YES;
				CLANG_WARN_INT_CONVERSION = YES;
				CLANG_WARN_NON_LITERAL_NULL_CONVERSION = YES;
				CLANG_WARN_OBJC_IMPLICIT_RETAIN_SELF = YES;
				CLANG_WARN_OBJC_LITERAL_CONVERSION = YES;
				CLANG_WARN_OBJC_ROOT_CLASS = YES_ERROR;
				CLANG_WARN_QUOTED_INCLUDE_IN_FRAMEWORK_HEADER = YES;
				CLANG_WARN_RANGE_LOOP_ANALYSIS = YES;
				CLANG_WARN_STRICT_PROTOTYPES = YES;
				CLANG_WARN_SUSPICIOUS_MOVE = YES;
				CLANG_WARN_UNGUARDED_AVAILABILITY = YES_AGGRESSIVE;
				CLANG_WARN_UNREACHABLE_CODE = YES;
				CLANG_WARN__DUPLICATE_METHOD_MATCH = YES;
				COPY_PHASE_STRIP = NO;
				DEBUG_INFORMATION_FORMAT = "dwarf-with-dsym";
				ENABLE_NS_ASSERTIONS = NO;
				ENABLE_STRICT_OBJC_MSGSEND = YES;
				GCC_C_LANGUAGE_STANDARD = gnu11;
				GCC_NO_COMMON_BLOCKS = YES;
				GCC_WARN_64_TO_32_BIT_CONVERSION = YES;
				GCC_WARN_ABOUT_RETURN_TYPE = YES_ERROR;
				GCC_WARN_UNDECLARED_SELECTOR = YES;
				GCC_WARN_UNINITIALIZED_AUTOS = YES_AGGRESSIVE;
				GCC_WARN_UNUSED_FUNCTION = YES;
				GCC_WARN_UNUSED_VARIABLE = YES;
				IPHONEOS_DEPLOYMENT_TARGET = 15.0;
				MTL_ENABLE_DEBUG_INFO = NO;
				MTL_FAST_MATH = YES;
				SDKROOT = iphoneos;
				SWIFT_COMPILATION_MODE = wholemodule;
				SWIFT_OPTIMIZATION_LEVEL = "-O";
				VALIDATE_PRODUCT = YES;
			};
			name = Release;
		};
		3DF8C442276ED2D3006582E7 /* Debug */ = {
			isa = XCBuildConfiguration;
			buildSettings = {
				ASSETCATALOG_COMPILER_APPICON_NAME = AppIcon;
				ASSETCATALOG_COMPILER_GLOBAL_ACCENT_COLOR_NAME = AccentColor;
				CODE_SIGN_STYLE = Automatic;
				CURRENT_PROJECT_VERSION = 1;
				DEVELOPMENT_ASSET_PATHS = "";
				DEVELOPMENT_TEAM = 6CD78A686T;
				ENABLE_PREVIEWS = YES;
				GENERATE_INFOPLIST_FILE = YES;
				INFOPLIST_KEY_UIApplicationSceneManifest_Generation = YES;
				INFOPLIST_KEY_UIApplicationSupportsIndirectInputEvents = YES;
				INFOPLIST_KEY_UILaunchScreen_Generation = YES;
				INFOPLIST_KEY_UISupportedInterfaceOrientations_iPad = "UIInterfaceOrientationPortrait UIInterfaceOrientationPortraitUpsideDown UIInterfaceOrientationLandscapeLeft UIInterfaceOrientationLandscapeRight";
				INFOPLIST_KEY_UISupportedInterfaceOrientations_iPhone = "UIInterfaceOrientationPortrait UIInterfaceOrientationLandscapeLeft UIInterfaceOrientationLandscapeRight";
				LD_RUNPATH_SEARCH_PATHS = (
					"$(inherited)",
					"@executable_path/Frameworks",
				);
				MARKETING_VERSION = 1.0;
				PRODUCT_BUNDLE_IDENTIFIER = "Justin-Trubela.CheckOUTS";
				PRODUCT_NAME = "$(TARGET_NAME)";
				SWIFT_EMIT_LOC_STRINGS = YES;
				SWIFT_VERSION = 5.0;
				TARGETED_DEVICE_FAMILY = "1,2";
			};
			name = Debug;
		};
		3DF8C443276ED2D3006582E7 /* Release */ = {
			isa = XCBuildConfiguration;
			buildSettings = {
				ASSETCATALOG_COMPILER_APPICON_NAME = AppIcon;
				ASSETCATALOG_COMPILER_GLOBAL_ACCENT_COLOR_NAME = AccentColor;
				CODE_SIGN_STYLE = Automatic;
				CURRENT_PROJECT_VERSION = 1;
				DEVELOPMENT_ASSET_PATHS = "";
				DEVELOPMENT_TEAM = 6CD78A686T;
				ENABLE_PREVIEWS = YES;
				GENERATE_INFOPLIST_FILE = YES;
				INFOPLIST_KEY_UIApplicationSceneManifest_Generation = YES;
				INFOPLIST_KEY_UIApplicationSupportsIndirectInputEvents = YES;
				INFOPLIST_KEY_UILaunchScreen_Generation = YES;
				INFOPLIST_KEY_UISupportedInterfaceOrientations_iPad = "UIInterfaceOrientationPortrait UIInterfaceOrientationPortraitUpsideDown UIInterfaceOrientationLandscapeLeft UIInterfaceOrientationLandscapeRight";
				INFOPLIST_KEY_UISupportedInterfaceOrientations_iPhone = "UIInterfaceOrientationPortrait UIInterfaceOrientationLandscapeLeft UIInterfaceOrientationLandscapeRight";
				LD_RUNPATH_SEARCH_PATHS = (
					"$(inherited)",
					"@executable_path/Frameworks",
				);
				MARKETING_VERSION = 1.0;
				PRODUCT_BUNDLE_IDENTIFIER = "Justin-Trubela.CheckOUTS";
				PRODUCT_NAME = "$(TARGET_NAME)";
				SWIFT_EMIT_LOC_STRINGS = YES;
				SWIFT_VERSION = 5.0;
				TARGETED_DEVICE_FAMILY = "1,2";
			};
			name = Release;
		};
/* End XCBuildConfiguration section */

/* Begin XCConfigurationList section */
		3DF8C42E276ED2D1006582E7 /* Build configuration list for PBXProject "iPlayDarts" */ = {
			isa = XCConfigurationList;
			buildConfigurations = (
				3DF8C43F276ED2D3006582E7 /* Debug */,
				3DF8C440276ED2D3006582E7 /* Release */,
			);
			defaultConfigurationIsVisible = 0;
			defaultConfigurationName = Release;
		};
		3DF8C441276ED2D3006582E7 /* Build configuration list for PBXNativeTarget "iPlayDarts" */ = {
			isa = XCConfigurationList;
			buildConfigurations = (
				3DF8C442276ED2D3006582E7 /* Debug */,
				3DF8C443276ED2D3006582E7 /* Release */,
			);
			defaultConfigurationIsVisible = 0;
			defaultConfigurationName = Release;
		};
/* End XCConfigurationList section */
	};
	rootObject = 3DF8C42B276ED2D1006582E7 /* Project object */;
}
